// !$*UTF8*$!
{
	archiveVersion = 1;
	classes = {
	};
	objectVersion = 48;
	objects = {

/* Begin PBXBuildFile section */
		1FC20A842008E84200CBC4A2 /* LTLPropertyTool.swift in Sources */ = {isa = PBXBuildFile; fileRef = 1FC20A3F2008E84200CBC4A2 /* LTLPropertyTool.swift */; };
		1FC20A852008E84200CBC4A2 /* ModelTool.swift in Sources */ = {isa = PBXBuildFile; fileRef = 1FC20A402008E84200CBC4A2 /* ModelTool.swift */; };
		1FC20A862008E84200CBC4A2 /* NSObject+Model.swift in Sources */ = {isa = PBXBuildFile; fileRef = 1FC20A412008E84200CBC4A2 /* NSObject+Model.swift */; };
		1FC20A872008E84200CBC4A2 /* NSObject+Property.swift in Sources */ = {isa = PBXBuildFile; fileRef = 1FC20A422008E84200CBC4A2 /* NSObject+Property.swift */; };
		1FC20A882008E84200CBC4A2 /* PropertyCodeMake.swift in Sources */ = {isa = PBXBuildFile; fileRef = 1FC20A432008E84200CBC4A2 /* PropertyCodeMake.swift */; };
		1FC20A892008E84200CBC4A2 /* PropertyModel.swift in Sources */ = {isa = PBXBuildFile; fileRef = 1FC20A442008E84200CBC4A2 /* PropertyModel.swift */; };
		1FC20A8A2008E84200CBC4A2 /* LogCategory.m in Sources */ = {isa = PBXBuildFile; fileRef = 1FC20A472008E84200CBC4A2 /* LogCategory.m */; };
		1FC20A8B2008E84200CBC4A2 /* LTLBaseNetWork.swift in Sources */ = {isa = PBXBuildFile; fileRef = 1FC20A482008E84200CBC4A2 /* LTLBaseNetWork.swift */; };
		1FC20A8C2008E84200CBC4A2 /* LTLLog.swift in Sources */ = {isa = PBXBuildFile; fileRef = 1FC20A492008E84200CBC4A2 /* LTLLog.swift */; };
		1FC20A8D2008E84200CBC4A2 /* LTLNetworkErrorType.swift in Sources */ = {isa = PBXBuildFile; fileRef = 1FC20A4A2008E84200CBC4A2 /* LTLNetworkErrorType.swift */; };
		1FC20A8E2008E84200CBC4A2 /* LTLNetworkTools.swift in Sources */ = {isa = PBXBuildFile; fileRef = 1FC20A4B2008E84200CBC4A2 /* LTLNetworkTools.swift */; };
		1FC20A8F2008E84200CBC4A2 /* LTLWeChatAccess.swift in Sources */ = {isa = PBXBuildFile; fileRef = 1FC20A4C2008E84200CBC4A2 /* LTLWeChatAccess.swift */; };
		1FC20A902008E84200CBC4A2 /* NetworkConfig.swift in Sources */ = {isa = PBXBuildFile; fileRef = 1FC20A4D2008E84200CBC4A2 /* NetworkConfig.swift */; };
		1FC20A912008E84200CBC4A2 /* MimeType.swift in Sources */ = {isa = PBXBuildFile; fileRef = 1FC20A4F2008E84200CBC4A2 /* MimeType.swift */; };
		1FC20A922008E84200CBC4A2 /* Swime.swift in Sources */ = {isa = PBXBuildFile; fileRef = 1FC20A502008E84200CBC4A2 /* Swime.swift */; };
		1FC20A932008E84200CBC4A2 /* LTLContentView.swift in Sources */ = {isa = PBXBuildFile; fileRef = 1FC20A542008E84200CBC4A2 /* LTLContentView.swift */; };
		1FC20A942008E84200CBC4A2 /* LTLHeaderView.swift in Sources */ = {isa = PBXBuildFile; fileRef = 1FC20A552008E84200CBC4A2 /* LTLHeaderView.swift */; };
		1FC20A952008E84200CBC4A2 /* LTLPageView.swift in Sources */ = {isa = PBXBuildFile; fileRef = 1FC20A562008E84200CBC4A2 /* LTLPageView.swift */; };
		1FC20A962008E84200CBC4A2 /* LTLReuseView.swift in Sources */ = {isa = PBXBuildFile; fileRef = 1FC20A572008E84200CBC4A2 /* LTLReuseView.swift */; };
		1FC20A972008E84200CBC4A2 /* WebView.swift in Sources */ = {isa = PBXBuildFile; fileRef = 1FC20A592008E84200CBC4A2 /* WebView.swift */; };
		1FC20A982008E84200CBC4A2 /* WKJSPOST.html in Resources */ = {isa = PBXBuildFile; fileRef = 1FC20A5A2008E84200CBC4A2 /* WKJSPOST.html */; };
		1FC20A992008E84200CBC4A2 /* WkwebViewConfig.swift in Sources */ = {isa = PBXBuildFile; fileRef = 1FC20A5B2008E84200CBC4A2 /* WkwebViewConfig.swift */; };
		1FC20A9A2008E84200CBC4A2 /* WKWebviewController.swift in Sources */ = {isa = PBXBuildFile; fileRef = 1FC20A5C2008E84200CBC4A2 /* WKWebviewController.swift */; };
		1FC20A9B2008E84200CBC4A2 /* LTLImageBrowserVC.swift in Sources */ = {isa = PBXBuildFile; fileRef = 1FC20A5E2008E84200CBC4A2 /* LTLImageBrowserVC.swift */; };
		1FC20A9C2008E84200CBC4A2 /* LTLImageViewCell.swift in Sources */ = {isa = PBXBuildFile; fileRef = 1FC20A5F2008E84200CBC4A2 /* LTLImageViewCell.swift */; };
		1FC20A9D2008E84200CBC4A2 /* LTLPhotoAlbumUtil.swift in Sources */ = {isa = PBXBuildFile; fileRef = 1FC20A602008E84200CBC4A2 /* LTLPhotoAlbumUtil.swift */; };
		1FC20A9E2008E84200CBC4A2 /* LTLSystemInfo.swift in Sources */ = {isa = PBXBuildFile; fileRef = 1FC20A622008E84200CBC4A2 /* LTLSystemInfo.swift */; };
		1FC20A9F2008E84200CBC4A2 /* InfoServe.swift in Sources */ = {isa = PBXBuildFile; fileRef = 1FC20A642008E84200CBC4A2 /* InfoServe.swift */; };
		1FC20AA02008E84200CBC4A2 /* LTLCountDown.swift in Sources */ = {isa = PBXBuildFile; fileRef = 1FC20A652008E84200CBC4A2 /* LTLCountDown.swift */; };
		1FC20AA12008E84200CBC4A2 /* LTLDataEncoding.swift in Sources */ = {isa = PBXBuildFile; fileRef = 1FC20A662008E84200CBC4A2 /* LTLDataEncoding.swift */; };
		1FC20AA22008E84200CBC4A2 /* LTLFile.swift in Sources */ = {isa = PBXBuildFile; fileRef = 1FC20A672008E84200CBC4A2 /* LTLFile.swift */; };
		1FC20AA32008E84200CBC4A2 /* LTLToolclass.swift in Sources */ = {isa = PBXBuildFile; fileRef = 1FC20A682008E84200CBC4A2 /* LTLToolclass.swift */; };
		1FC20AA42008E84200CBC4A2 /* MQTTSwift.swift in Sources */ = {isa = PBXBuildFile; fileRef = 1FC20A6A2008E84200CBC4A2 /* MQTTSwift.swift */; };
		1FC20AA52008E84200CBC4A2 /* MQTTTopic.swift in Sources */ = {isa = PBXBuildFile; fileRef = 1FC20A6B2008E84200CBC4A2 /* MQTTTopic.swift */; };
		1FC20AA62008E84200CBC4A2 /* PFString.swift in Sources */ = {isa = PBXBuildFile; fileRef = 1FC20A6C2008E84200CBC4A2 /* PFString.swift */; };
		1FC20AA72008E84200CBC4A2 /* UserInfoRequest.swift in Sources */ = {isa = PBXBuildFile; fileRef = 1FC20A6D2008E84200CBC4A2 /* UserInfoRequest.swift */; };
		1FC20AA82008E84200CBC4A2 /* NSString+LTLCode.m in Sources */ = {isa = PBXBuildFile; fileRef = 1FC20A712008E84200CBC4A2 /* NSString+LTLCode.m */; };
		1FC20AA92008E84200CBC4A2 /* UIButton+SSEdgeInsets.m in Sources */ = {isa = PBXBuildFile; fileRef = 1FC20A732008E84200CBC4A2 /* UIButton+SSEdgeInsets.m */; };
		1FC20AAA2008E84200CBC4A2 /* WordLimit.m in Sources */ = {isa = PBXBuildFile; fileRef = 1FC20A752008E84200CBC4A2 /* WordLimit.m */; };
		1FC20AAB2008E84200CBC4A2 /* Common+String.swift in Sources */ = {isa = PBXBuildFile; fileRef = 1FC20A772008E84200CBC4A2 /* Common+String.swift */; };
		1FC20AAC2008E84200CBC4A2 /* ExchangeMethod+NSObject.swift in Sources */ = {isa = PBXBuildFile; fileRef = 1FC20A782008E84200CBC4A2 /* ExchangeMethod+NSObject.swift */; };
		1FC20AAD2008E84200CBC4A2 /* JSONExtension.swift in Sources */ = {isa = PBXBuildFile; fileRef = 1FC20A792008E84200CBC4A2 /* JSONExtension.swift */; };
		1FC20AAE2008E84200CBC4A2 /* Queue+OperationQueue.swift in Sources */ = {isa = PBXBuildFile; fileRef = 1FC20A7A2008E84200CBC4A2 /* Queue+OperationQueue.swift */; };
		1FC20AAF2008E84200CBC4A2 /* String+Color.swift in Sources */ = {isa = PBXBuildFile; fileRef = 1FC20A7B2008E84200CBC4A2 /* String+Color.swift */; };
		1FC20AB02008E84200CBC4A2 /* Thread+DispatchQueue.swift in Sources */ = {isa = PBXBuildFile; fileRef = 1FC20A7C2008E84200CBC4A2 /* Thread+DispatchQueue.swift */; };
		1FC20AB12008E84200CBC4A2 /* Timer+Date.swift in Sources */ = {isa = PBXBuildFile; fileRef = 1FC20A7D2008E84200CBC4A2 /* Timer+Date.swift */; };
		1FC20AB22008E84200CBC4A2 /* toBool+Int.swift in Sources */ = {isa = PBXBuildFile; fileRef = 1FC20A7E2008E84200CBC4A2 /* toBool+Int.swift */; };
		1FC20AB32008E84200CBC4A2 /* ToString+Data.swift in Sources */ = {isa = PBXBuildFile; fileRef = 1FC20A7F2008E84200CBC4A2 /* ToString+Data.swift */; };
		1FC20AB42008E84200CBC4A2 /* ViewControllerExtend.swift in Sources */ = {isa = PBXBuildFile; fileRef = 1FC20A802008E84200CBC4A2 /* ViewControllerExtend.swift */; };
		1FC20AB52008E84200CBC4A2 /* FPSLabel.swift in Sources */ = {isa = PBXBuildFile; fileRef = 1FC20A822008E84200CBC4A2 /* FPSLabel.swift */; };
		1FC20AB62008E84200CBC4A2 /* LTLLabelPadding.swift in Sources */ = {isa = PBXBuildFile; fileRef = 1FC20A832008E84200CBC4A2 /* LTLLabelPadding.swift */; };
		1FE01E24200A6C870052B11D /* ACFloatingTextfield.swift in Sources */ = {isa = PBXBuildFile; fileRef = 1FE01DD1200A6C870052B11D /* ACFloatingTextfield.swift */; };
		1FE01E25200A6C870052B11D /* Colours.swift in Sources */ = {isa = PBXBuildFile; fileRef = 1FE01DD3200A6C870052B11D /* Colours.swift */; };
		1FE01E26200A6C870052B11D /* AES.Cryptors.swift in Sources */ = {isa = PBXBuildFile; fileRef = 1FE01DD5200A6C870052B11D /* AES.Cryptors.swift */; };
		1FE01E27200A6C870052B11D /* AES.swift in Sources */ = {isa = PBXBuildFile; fileRef = 1FE01DD6200A6C870052B11D /* AES.swift */; };
		1FE01E28200A6C870052B11D /* Array+Extension.swift in Sources */ = {isa = PBXBuildFile; fileRef = 1FE01DD7200A6C870052B11D /* Array+Extension.swift */; };
		1FE01E29200A6C870052B11D /* Array+Extensions.swift in Sources */ = {isa = PBXBuildFile; fileRef = 1FE01DD8200A6C870052B11D /* Array+Extensions.swift */; };
		1FE01E2A200A6C870052B11D /* Authenticator.swift in Sources */ = {isa = PBXBuildFile; fileRef = 1FE01DD9200A6C870052B11D /* Authenticator.swift */; };
		1FE01E2B200A6C870052B11D /* BatchedCollection.swift in Sources */ = {isa = PBXBuildFile; fileRef = 1FE01DDA200A6C870052B11D /* BatchedCollection.swift */; };
		1FE01E2C200A6C870052B11D /* Bit.swift in Sources */ = {isa = PBXBuildFile; fileRef = 1FE01DDB200A6C870052B11D /* Bit.swift */; };
		1FE01E2D200A6C870052B11D /* BlockCipher.swift in Sources */ = {isa = PBXBuildFile; fileRef = 1FE01DDC200A6C870052B11D /* BlockCipher.swift */; };
		1FE01E2E200A6C870052B11D /* BlockMode.swift in Sources */ = {isa = PBXBuildFile; fileRef = 1FE01DDE200A6C870052B11D /* BlockMode.swift */; };
		1FE01E2F200A6C870052B11D /* BlockModeOptions.swift in Sources */ = {isa = PBXBuildFile; fileRef = 1FE01DDF200A6C870052B11D /* BlockModeOptions.swift */; };
		1FE01E30200A6C870052B11D /* BlockModeWorker.swift in Sources */ = {isa = PBXBuildFile; fileRef = 1FE01DE0200A6C870052B11D /* BlockModeWorker.swift */; };
		1FE01E31200A6C870052B11D /* CBC.swift in Sources */ = {isa = PBXBuildFile; fileRef = 1FE01DE1200A6C870052B11D /* CBC.swift */; };
		1FE01E32200A6C870052B11D /* CFB.swift in Sources */ = {isa = PBXBuildFile; fileRef = 1FE01DE2200A6C870052B11D /* CFB.swift */; };
		1FE01E33200A6C870052B11D /* CTR.swift in Sources */ = {isa = PBXBuildFile; fileRef = 1FE01DE3200A6C870052B11D /* CTR.swift */; };
		1FE01E34200A6C870052B11D /* ECB.swift in Sources */ = {isa = PBXBuildFile; fileRef = 1FE01DE4200A6C870052B11D /* ECB.swift */; };
		1FE01E35200A6C870052B11D /* OFB.swift in Sources */ = {isa = PBXBuildFile; fileRef = 1FE01DE5200A6C870052B11D /* OFB.swift */; };
		1FE01E36200A6C870052B11D /* PCBC.swift in Sources */ = {isa = PBXBuildFile; fileRef = 1FE01DE6200A6C870052B11D /* PCBC.swift */; };
		1FE01E37200A6C870052B11D /* RandomAccessBlockModeWorker.swift in Sources */ = {isa = PBXBuildFile; fileRef = 1FE01DE7200A6C870052B11D /* RandomAccessBlockModeWorker.swift */; };
		1FE01E38200A6C870052B11D /* Blowfish.swift in Sources */ = {isa = PBXBuildFile; fileRef = 1FE01DE8200A6C870052B11D /* Blowfish.swift */; };
		1FE01E39200A6C870052B11D /* ChaCha20.swift in Sources */ = {isa = PBXBuildFile; fileRef = 1FE01DE9200A6C870052B11D /* ChaCha20.swift */; };
		1FE01E3A200A6C870052B11D /* Checksum.swift in Sources */ = {isa = PBXBuildFile; fileRef = 1FE01DEA200A6C870052B11D /* Checksum.swift */; };
		1FE01E3B200A6C870052B11D /* Cipher.swift in Sources */ = {isa = PBXBuildFile; fileRef = 1FE01DEB200A6C870052B11D /* Cipher.swift */; };
		1FE01E3C200A6C870052B11D /* Collection+Extension.swift in Sources */ = {isa = PBXBuildFile; fileRef = 1FE01DEC200A6C870052B11D /* Collection+Extension.swift */; };
		1FE01E3D200A6C870052B11D /* Cryptors.swift in Sources */ = {isa = PBXBuildFile; fileRef = 1FE01DED200A6C870052B11D /* Cryptors.swift */; };
		1FE01E3E200A6C870052B11D /* Digest.swift in Sources */ = {isa = PBXBuildFile; fileRef = 1FE01DEE200A6C870052B11D /* Digest.swift */; };
		1FE01E3F200A6C870052B11D /* DigestType.swift in Sources */ = {isa = PBXBuildFile; fileRef = 1FE01DEF200A6C870052B11D /* DigestType.swift */; };
		1FE01E40200A6C870052B11D /* AES+Foundation.swift in Sources */ = {isa = PBXBuildFile; fileRef = 1FE01DF1200A6C870052B11D /* AES+Foundation.swift */; };
		1FE01E41200A6C870052B11D /* Array+Foundation.swift in Sources */ = {isa = PBXBuildFile; fileRef = 1FE01DF2200A6C870052B11D /* Array+Foundation.swift */; };
		1FE01E42200A6C870052B11D /* Blowfish+Foundation.swift in Sources */ = {isa = PBXBuildFile; fileRef = 1FE01DF3200A6C870052B11D /* Blowfish+Foundation.swift */; };
		1FE01E43200A6C870052B11D /* ChaCha20+Foundation.swift in Sources */ = {isa = PBXBuildFile; fileRef = 1FE01DF4200A6C870052B11D /* ChaCha20+Foundation.swift */; };
		1FE01E44200A6C870052B11D /* Data+Extension.swift in Sources */ = {isa = PBXBuildFile; fileRef = 1FE01DF5200A6C870052B11D /* Data+Extension.swift */; };
		1FE01E45200A6C870052B11D /* HMAC+Foundation.swift in Sources */ = {isa = PBXBuildFile; fileRef = 1FE01DF6200A6C870052B11D /* HMAC+Foundation.swift */; };
		1FE01E46200A6C870052B11D /* Rabbit+Foundation.swift in Sources */ = {isa = PBXBuildFile; fileRef = 1FE01DF7200A6C870052B11D /* Rabbit+Foundation.swift */; };
		1FE01E47200A6C870052B11D /* String+FoundationExtension.swift in Sources */ = {isa = PBXBuildFile; fileRef = 1FE01DF8200A6C870052B11D /* String+FoundationExtension.swift */; };
		1FE01E48200A6C870052B11D /* Utils+Foundation.swift in Sources */ = {isa = PBXBuildFile; fileRef = 1FE01DF9200A6C870052B11D /* Utils+Foundation.swift */; };
		1FE01E49200A6C870052B11D /* Generics.swift in Sources */ = {isa = PBXBuildFile; fileRef = 1FE01DFA200A6C870052B11D /* Generics.swift */; };
		1FE01E4A200A6C870052B11D /* HMAC.swift in Sources */ = {isa = PBXBuildFile; fileRef = 1FE01DFB200A6C870052B11D /* HMAC.swift */; };
		1FE01E4B200A6C870052B11D /* Int+Extension.swift in Sources */ = {isa = PBXBuildFile; fileRef = 1FE01DFC200A6C870052B11D /* Int+Extension.swift */; };
		1FE01E4C200A6C870052B11D /* MD5.swift in Sources */ = {isa = PBXBuildFile; fileRef = 1FE01DFD200A6C870052B11D /* MD5.swift */; };
		1FE01E4D200A6C870052B11D /* NoPadding.swift in Sources */ = {isa = PBXBuildFile; fileRef = 1FE01DFE200A6C870052B11D /* NoPadding.swift */; };
		1FE01E4E200A6C870052B11D /* Operators.swift in Sources */ = {isa = PBXBuildFile; fileRef = 1FE01DFF200A6C870052B11D /* Operators.swift */; };
		1FE01E4F200A6C870052B11D /* Padding.swift in Sources */ = {isa = PBXBuildFile; fileRef = 1FE01E00200A6C870052B11D /* Padding.swift */; };
		1FE01E50200A6C870052B11D /* PBKDF1.swift in Sources */ = {isa = PBXBuildFile; fileRef = 1FE01E02200A6C870052B11D /* PBKDF1.swift */; };
		1FE01E51200A6C870052B11D /* PBKDF2.swift in Sources */ = {isa = PBXBuildFile; fileRef = 1FE01E03200A6C870052B11D /* PBKDF2.swift */; };
		1FE01E52200A6C870052B11D /* PKCS5.swift in Sources */ = {isa = PBXBuildFile; fileRef = 1FE01E04200A6C870052B11D /* PKCS5.swift */; };
		1FE01E53200A6C870052B11D /* PKCS7.swift in Sources */ = {isa = PBXBuildFile; fileRef = 1FE01E05200A6C870052B11D /* PKCS7.swift */; };
		1FE01E54200A6C870052B11D /* PKCS7Padding.swift in Sources */ = {isa = PBXBuildFile; fileRef = 1FE01E06200A6C870052B11D /* PKCS7Padding.swift */; };
		1FE01E55200A6C870052B11D /* Poly1305.swift in Sources */ = {isa = PBXBuildFile; fileRef = 1FE01E07200A6C870052B11D /* Poly1305.swift */; };
		1FE01E56200A6C870052B11D /* Rabbit.swift in Sources */ = {isa = PBXBuildFile; fileRef = 1FE01E08200A6C870052B11D /* Rabbit.swift */; };
		1FE01E57200A6C870052B11D /* RandomAccessCryptor.swift in Sources */ = {isa = PBXBuildFile; fileRef = 1FE01E09200A6C870052B11D /* RandomAccessCryptor.swift */; };
		1FE01E58200A6C870052B11D /* RandomBytesSequence.swift in Sources */ = {isa = PBXBuildFile; fileRef = 1FE01E0A200A6C870052B11D /* RandomBytesSequence.swift */; };
		1FE01E59200A6C870052B11D /* SecureBytes.swift in Sources */ = {isa = PBXBuildFile; fileRef = 1FE01E0B200A6C870052B11D /* SecureBytes.swift */; };
		1FE01E5A200A6C870052B11D /* SHA1.swift in Sources */ = {isa = PBXBuildFile; fileRef = 1FE01E0C200A6C870052B11D /* SHA1.swift */; };
		1FE01E5B200A6C870052B11D /* SHA2.swift in Sources */ = {isa = PBXBuildFile; fileRef = 1FE01E0D200A6C870052B11D /* SHA2.swift */; };
		1FE01E5C200A6C870052B11D /* SHA3.swift in Sources */ = {isa = PBXBuildFile; fileRef = 1FE01E0E200A6C870052B11D /* SHA3.swift */; };
		1FE01E5D200A6C870052B11D /* String+Extension.swift in Sources */ = {isa = PBXBuildFile; fileRef = 1FE01E0F200A6C870052B11D /* String+Extension.swift */; };
		1FE01E5E200A6C870052B11D /* UInt16+Extension.swift in Sources */ = {isa = PBXBuildFile; fileRef = 1FE01E10200A6C870052B11D /* UInt16+Extension.swift */; };
		1FE01E5F200A6C870052B11D /* UInt32+Extension.swift in Sources */ = {isa = PBXBuildFile; fileRef = 1FE01E11200A6C870052B11D /* UInt32+Extension.swift */; };
		1FE01E60200A6C870052B11D /* UInt64+Extension.swift in Sources */ = {isa = PBXBuildFile; fileRef = 1FE01E12200A6C870052B11D /* UInt64+Extension.swift */; };
		1FE01E61200A6C870052B11D /* UInt8+Extension.swift in Sources */ = {isa = PBXBuildFile; fileRef = 1FE01E13200A6C870052B11D /* UInt8+Extension.swift */; };
		1FE01E62200A6C870052B11D /* Updatable.swift in Sources */ = {isa = PBXBuildFile; fileRef = 1FE01E14200A6C870052B11D /* Updatable.swift */; };
		1FE01E63200A6C870052B11D /* Utils.swift in Sources */ = {isa = PBXBuildFile; fileRef = 1FE01E15200A6C870052B11D /* Utils.swift */; };
		1FE01E64200A6C870052B11D /* ZeroPadding.swift in Sources */ = {isa = PBXBuildFile; fileRef = 1FE01E16200A6C870052B11D /* ZeroPadding.swift */; };
		1FE01E65200A6C870052B11D /* UINavigationController+FDFullscreenPopGesture.m in Sources */ = {isa = PBXBuildFile; fileRef = 1FE01E19200A6C870052B11D /* UINavigationController+FDFullscreenPopGesture.m */; };
		1FE01E66200A6C870052B11D /* CustomExtension.swift in Sources */ = {isa = PBXBuildFile; fileRef = 1FE01E1B200A6C870052B11D /* CustomExtension.swift */; };
		1FE01E67200A6C870052B11D /* Hud.swift in Sources */ = {isa = PBXBuildFile; fileRef = 1FE01E1C200A6C870052B11D /* Hud.swift */; };
		1FE01E68200A6C870052B11D /* UIKitExtension.swift in Sources */ = {isa = PBXBuildFile; fileRef = 1FE01E1D200A6C870052B11D /* UIKitExtension.swift */; };
		1FE01E69200A6C870052B11D /* UIControl+JPBtnClickDelay.m in Sources */ = {isa = PBXBuildFile; fileRef = 1FE01E20200A6C870052B11D /* UIControl+JPBtnClickDelay.m */; };
		1FE01E6A200A6C870052B11D /* lame.framework in Frameworks */ = {isa = PBXBuildFile; fileRef = 1FE01E21200A6C870052B11D /* lame.framework */; };
		1FE01E6B200A6C870052B11D /* MRCountDownButton.swift in Sources */ = {isa = PBXBuildFile; fileRef = 1FE01E22200A6C870052B11D /* MRCountDownButton.swift */; };
		1FE01E6C200A6C870052B11D /* Toast.swift in Sources */ = {isa = PBXBuildFile; fileRef = 1FE01E23200A6C870052B11D /* Toast.swift */; };
		1FE01E6E200A6D100052B11D /* BackImage.swift in Sources */ = {isa = PBXBuildFile; fileRef = 1FE01E6D200A6D100052B11D /* BackImage.swift */; };
		23F57E282CB4EAB8BA37E632 /* Pods_______.framework in Frameworks */ = {isa = PBXBuildFile; fileRef = 4DB5F0738E1591CEB9F65284 /* Pods_______.framework */; };
		9D3009D72008634A0043C536 /* AppDelegate.swift in Sources */ = {isa = PBXBuildFile; fileRef = 9D3009D62008634A0043C536 /* AppDelegate.swift */; };
		9D3009D92008634A0043C536 /* ViewController.swift in Sources */ = {isa = PBXBuildFile; fileRef = 9D3009D82008634A0043C536 /* ViewController.swift */; };
		9D3009DC2008634A0043C536 /* Main.storyboard in Resources */ = {isa = PBXBuildFile; fileRef = 9D3009DA2008634A0043C536 /* Main.storyboard */; };
		9D3009DE2008634A0043C536 /* Assets.xcassets in Resources */ = {isa = PBXBuildFile; fileRef = 9D3009DD2008634A0043C536 /* Assets.xcassets */; };
		9D3009E12008634A0043C536 /* LaunchScreen.storyboard in Resources */ = {isa = PBXBuildFile; fileRef = 9D3009DF2008634A0043C536 /* LaunchScreen.storyboard */; };
/* End PBXBuildFile section */

/* Begin PBXFileReference section */
		1FC20A3F2008E84200CBC4A2 /* LTLPropertyTool.swift */ = {isa = PBXFileReference; fileEncoding = 4; lastKnownFileType = sourcecode.swift; path = LTLPropertyTool.swift; sourceTree = "<group>"; };
		1FC20A402008E84200CBC4A2 /* ModelTool.swift */ = {isa = PBXFileReference; fileEncoding = 4; lastKnownFileType = sourcecode.swift; path = ModelTool.swift; sourceTree = "<group>"; };
		1FC20A412008E84200CBC4A2 /* NSObject+Model.swift */ = {isa = PBXFileReference; fileEncoding = 4; lastKnownFileType = sourcecode.swift; path = "NSObject+Model.swift"; sourceTree = "<group>"; };
		1FC20A422008E84200CBC4A2 /* NSObject+Property.swift */ = {isa = PBXFileReference; fileEncoding = 4; lastKnownFileType = sourcecode.swift; path = "NSObject+Property.swift"; sourceTree = "<group>"; };
		1FC20A432008E84200CBC4A2 /* PropertyCodeMake.swift */ = {isa = PBXFileReference; fileEncoding = 4; lastKnownFileType = sourcecode.swift; path = PropertyCodeMake.swift; sourceTree = "<group>"; };
		1FC20A442008E84200CBC4A2 /* PropertyModel.swift */ = {isa = PBXFileReference; fileEncoding = 4; lastKnownFileType = sourcecode.swift; path = PropertyModel.swift; sourceTree = "<group>"; };
		1FC20A462008E84200CBC4A2 /* LogCategory.h */ = {isa = PBXFileReference; fileEncoding = 4; lastKnownFileType = sourcecode.c.h; path = LogCategory.h; sourceTree = "<group>"; };
		1FC20A472008E84200CBC4A2 /* LogCategory.m */ = {isa = PBXFileReference; fileEncoding = 4; lastKnownFileType = sourcecode.c.objc; path = LogCategory.m; sourceTree = "<group>"; };
		1FC20A482008E84200CBC4A2 /* LTLBaseNetWork.swift */ = {isa = PBXFileReference; fileEncoding = 4; lastKnownFileType = sourcecode.swift; path = LTLBaseNetWork.swift; sourceTree = "<group>"; };
		1FC20A492008E84200CBC4A2 /* LTLLog.swift */ = {isa = PBXFileReference; fileEncoding = 4; lastKnownFileType = sourcecode.swift; path = LTLLog.swift; sourceTree = "<group>"; };
		1FC20A4A2008E84200CBC4A2 /* LTLNetworkErrorType.swift */ = {isa = PBXFileReference; fileEncoding = 4; lastKnownFileType = sourcecode.swift; path = LTLNetworkErrorType.swift; sourceTree = "<group>"; };
		1FC20A4B2008E84200CBC4A2 /* LTLNetworkTools.swift */ = {isa = PBXFileReference; fileEncoding = 4; lastKnownFileType = sourcecode.swift; path = LTLNetworkTools.swift; sourceTree = "<group>"; };
		1FC20A4C2008E84200CBC4A2 /* LTLWeChatAccess.swift */ = {isa = PBXFileReference; fileEncoding = 4; lastKnownFileType = sourcecode.swift; path = LTLWeChatAccess.swift; sourceTree = "<group>"; };
		1FC20A4D2008E84200CBC4A2 /* NetworkConfig.swift */ = {isa = PBXFileReference; fileEncoding = 4; lastKnownFileType = sourcecode.swift; path = NetworkConfig.swift; sourceTree = "<group>"; };
		1FC20A4F2008E84200CBC4A2 /* MimeType.swift */ = {isa = PBXFileReference; fileEncoding = 4; lastKnownFileType = sourcecode.swift; path = MimeType.swift; sourceTree = "<group>"; };
		1FC20A502008E84200CBC4A2 /* Swime.swift */ = {isa = PBXFileReference; fileEncoding = 4; lastKnownFileType = sourcecode.swift; path = Swime.swift; sourceTree = "<group>"; };
		1FC20A542008E84200CBC4A2 /* LTLContentView.swift */ = {isa = PBXFileReference; fileEncoding = 4; lastKnownFileType = sourcecode.swift; path = LTLContentView.swift; sourceTree = "<group>"; };
		1FC20A552008E84200CBC4A2 /* LTLHeaderView.swift */ = {isa = PBXFileReference; fileEncoding = 4; lastKnownFileType = sourcecode.swift; path = LTLHeaderView.swift; sourceTree = "<group>"; };
		1FC20A562008E84200CBC4A2 /* LTLPageView.swift */ = {isa = PBXFileReference; fileEncoding = 4; lastKnownFileType = sourcecode.swift; path = LTLPageView.swift; sourceTree = "<group>"; };
		1FC20A572008E84200CBC4A2 /* LTLReuseView.swift */ = {isa = PBXFileReference; fileEncoding = 4; lastKnownFileType = sourcecode.swift; path = LTLReuseView.swift; sourceTree = "<group>"; };
		1FC20A592008E84200CBC4A2 /* WebView.swift */ = {isa = PBXFileReference; fileEncoding = 4; lastKnownFileType = sourcecode.swift; path = WebView.swift; sourceTree = "<group>"; };
		1FC20A5A2008E84200CBC4A2 /* WKJSPOST.html */ = {isa = PBXFileReference; fileEncoding = 4; lastKnownFileType = text.html; path = WKJSPOST.html; sourceTree = "<group>"; };
		1FC20A5B2008E84200CBC4A2 /* WkwebViewConfig.swift */ = {isa = PBXFileReference; fileEncoding = 4; lastKnownFileType = sourcecode.swift; path = WkwebViewConfig.swift; sourceTree = "<group>"; };
		1FC20A5C2008E84200CBC4A2 /* WKWebviewController.swift */ = {isa = PBXFileReference; fileEncoding = 4; lastKnownFileType = sourcecode.swift; path = WKWebviewController.swift; sourceTree = "<group>"; };
		1FC20A5E2008E84200CBC4A2 /* LTLImageBrowserVC.swift */ = {isa = PBXFileReference; fileEncoding = 4; lastKnownFileType = sourcecode.swift; path = LTLImageBrowserVC.swift; sourceTree = "<group>"; };
		1FC20A5F2008E84200CBC4A2 /* LTLImageViewCell.swift */ = {isa = PBXFileReference; fileEncoding = 4; lastKnownFileType = sourcecode.swift; path = LTLImageViewCell.swift; sourceTree = "<group>"; };
		1FC20A602008E84200CBC4A2 /* LTLPhotoAlbumUtil.swift */ = {isa = PBXFileReference; fileEncoding = 4; lastKnownFileType = sourcecode.swift; path = LTLPhotoAlbumUtil.swift; sourceTree = "<group>"; };
		1FC20A622008E84200CBC4A2 /* LTLSystemInfo.swift */ = {isa = PBXFileReference; fileEncoding = 4; lastKnownFileType = sourcecode.swift; path = LTLSystemInfo.swift; sourceTree = "<group>"; };
		1FC20A642008E84200CBC4A2 /* InfoServe.swift */ = {isa = PBXFileReference; fileEncoding = 4; lastKnownFileType = sourcecode.swift; path = InfoServe.swift; sourceTree = "<group>"; };
		1FC20A652008E84200CBC4A2 /* LTLCountDown.swift */ = {isa = PBXFileReference; fileEncoding = 4; lastKnownFileType = sourcecode.swift; path = LTLCountDown.swift; sourceTree = "<group>"; };
		1FC20A662008E84200CBC4A2 /* LTLDataEncoding.swift */ = {isa = PBXFileReference; fileEncoding = 4; lastKnownFileType = sourcecode.swift; path = LTLDataEncoding.swift; sourceTree = "<group>"; };
		1FC20A672008E84200CBC4A2 /* LTLFile.swift */ = {isa = PBXFileReference; fileEncoding = 4; lastKnownFileType = sourcecode.swift; path = LTLFile.swift; sourceTree = "<group>"; };
		1FC20A682008E84200CBC4A2 /* LTLToolclass.swift */ = {isa = PBXFileReference; fileEncoding = 4; lastKnownFileType = sourcecode.swift; path = LTLToolclass.swift; sourceTree = "<group>"; };
		1FC20A6A2008E84200CBC4A2 /* MQTTSwift.swift */ = {isa = PBXFileReference; fileEncoding = 4; lastKnownFileType = sourcecode.swift; path = MQTTSwift.swift; sourceTree = "<group>"; };
		1FC20A6B2008E84200CBC4A2 /* MQTTTopic.swift */ = {isa = PBXFileReference; fileEncoding = 4; lastKnownFileType = sourcecode.swift; path = MQTTTopic.swift; sourceTree = "<group>"; };
		1FC20A6C2008E84200CBC4A2 /* PFString.swift */ = {isa = PBXFileReference; fileEncoding = 4; lastKnownFileType = sourcecode.swift; path = PFString.swift; sourceTree = "<group>"; };
		1FC20A6D2008E84200CBC4A2 /* UserInfoRequest.swift */ = {isa = PBXFileReference; fileEncoding = 4; lastKnownFileType = sourcecode.swift; path = UserInfoRequest.swift; sourceTree = "<group>"; };
		1FC20A702008E84200CBC4A2 /* NSString+LTLCode.h */ = {isa = PBXFileReference; fileEncoding = 4; lastKnownFileType = sourcecode.c.h; path = "NSString+LTLCode.h"; sourceTree = "<group>"; };
		1FC20A712008E84200CBC4A2 /* NSString+LTLCode.m */ = {isa = PBXFileReference; fileEncoding = 4; lastKnownFileType = sourcecode.c.objc; path = "NSString+LTLCode.m"; sourceTree = "<group>"; };
		1FC20A722008E84200CBC4A2 /* UIButton+SSEdgeInsets.h */ = {isa = PBXFileReference; fileEncoding = 4; lastKnownFileType = sourcecode.c.h; path = "UIButton+SSEdgeInsets.h"; sourceTree = "<group>"; };
		1FC20A732008E84200CBC4A2 /* UIButton+SSEdgeInsets.m */ = {isa = PBXFileReference; fileEncoding = 4; lastKnownFileType = sourcecode.c.objc; path = "UIButton+SSEdgeInsets.m"; sourceTree = "<group>"; };
		1FC20A742008E84200CBC4A2 /* WordLimit.h */ = {isa = PBXFileReference; fileEncoding = 4; lastKnownFileType = sourcecode.c.h; path = WordLimit.h; sourceTree = "<group>"; };
		1FC20A752008E84200CBC4A2 /* WordLimit.m */ = {isa = PBXFileReference; fileEncoding = 4; lastKnownFileType = sourcecode.c.objc; path = WordLimit.m; sourceTree = "<group>"; };
		1FC20A772008E84200CBC4A2 /* Common+String.swift */ = {isa = PBXFileReference; fileEncoding = 4; lastKnownFileType = sourcecode.swift; path = "Common+String.swift"; sourceTree = "<group>"; };
		1FC20A782008E84200CBC4A2 /* ExchangeMethod+NSObject.swift */ = {isa = PBXFileReference; fileEncoding = 4; lastKnownFileType = sourcecode.swift; path = "ExchangeMethod+NSObject.swift"; sourceTree = "<group>"; };
		1FC20A792008E84200CBC4A2 /* JSONExtension.swift */ = {isa = PBXFileReference; fileEncoding = 4; lastKnownFileType = sourcecode.swift; path = JSONExtension.swift; sourceTree = "<group>"; };
		1FC20A7A2008E84200CBC4A2 /* Queue+OperationQueue.swift */ = {isa = PBXFileReference; fileEncoding = 4; lastKnownFileType = sourcecode.swift; path = "Queue+OperationQueue.swift"; sourceTree = "<group>"; };
		1FC20A7B2008E84200CBC4A2 /* String+Color.swift */ = {isa = PBXFileReference; fileEncoding = 4; lastKnownFileType = sourcecode.swift; path = "String+Color.swift"; sourceTree = "<group>"; };
		1FC20A7C2008E84200CBC4A2 /* Thread+DispatchQueue.swift */ = {isa = PBXFileReference; fileEncoding = 4; lastKnownFileType = sourcecode.swift; path = "Thread+DispatchQueue.swift"; sourceTree = "<group>"; };
		1FC20A7D2008E84200CBC4A2 /* Timer+Date.swift */ = {isa = PBXFileReference; fileEncoding = 4; lastKnownFileType = sourcecode.swift; path = "Timer+Date.swift"; sourceTree = "<group>"; };
		1FC20A7E2008E84200CBC4A2 /* toBool+Int.swift */ = {isa = PBXFileReference; fileEncoding = 4; lastKnownFileType = sourcecode.swift; path = "toBool+Int.swift"; sourceTree = "<group>"; };
		1FC20A7F2008E84200CBC4A2 /* ToString+Data.swift */ = {isa = PBXFileReference; fileEncoding = 4; lastKnownFileType = sourcecode.swift; path = "ToString+Data.swift"; sourceTree = "<group>"; };
		1FC20A802008E84200CBC4A2 /* ViewControllerExtend.swift */ = {isa = PBXFileReference; fileEncoding = 4; lastKnownFileType = sourcecode.swift; path = ViewControllerExtend.swift; sourceTree = "<group>"; };
		1FC20A822008E84200CBC4A2 /* FPSLabel.swift */ = {isa = PBXFileReference; fileEncoding = 4; lastKnownFileType = sourcecode.swift; path = FPSLabel.swift; sourceTree = "<group>"; };
		1FC20A832008E84200CBC4A2 /* LTLLabelPadding.swift */ = {isa = PBXFileReference; fileEncoding = 4; lastKnownFileType = sourcecode.swift; path = LTLLabelPadding.swift; sourceTree = "<group>"; };
		1FE01DD1200A6C870052B11D /* ACFloatingTextfield.swift */ = {isa = PBXFileReference; fileEncoding = 4; lastKnownFileType = sourcecode.swift; path = ACFloatingTextfield.swift; sourceTree = "<group>"; };
		1FE01DD3200A6C870052B11D /* Colours.swift */ = {isa = PBXFileReference; fileEncoding = 4; lastKnownFileType = sourcecode.swift; path = Colours.swift; sourceTree = "<group>"; };
		1FE01DD5200A6C870052B11D /* AES.Cryptors.swift */ = {isa = PBXFileReference; fileEncoding = 4; lastKnownFileType = sourcecode.swift; path = AES.Cryptors.swift; sourceTree = "<group>"; };
		1FE01DD6200A6C870052B11D /* AES.swift */ = {isa = PBXFileReference; fileEncoding = 4; lastKnownFileType = sourcecode.swift; path = AES.swift; sourceTree = "<group>"; };
		1FE01DD7200A6C870052B11D /* Array+Extension.swift */ = {isa = PBXFileReference; fileEncoding = 4; lastKnownFileType = sourcecode.swift; path = "Array+Extension.swift"; sourceTree = "<group>"; };
		1FE01DD8200A6C870052B11D /* Array+Extensions.swift */ = {isa = PBXFileReference; fileEncoding = 4; lastKnownFileType = sourcecode.swift; path = "Array+Extensions.swift"; sourceTree = "<group>"; };
		1FE01DD9200A6C870052B11D /* Authenticator.swift */ = {isa = PBXFileReference; fileEncoding = 4; lastKnownFileType = sourcecode.swift; path = Authenticator.swift; sourceTree = "<group>"; };
		1FE01DDA200A6C870052B11D /* BatchedCollection.swift */ = {isa = PBXFileReference; fileEncoding = 4; lastKnownFileType = sourcecode.swift; path = BatchedCollection.swift; sourceTree = "<group>"; };
		1FE01DDB200A6C870052B11D /* Bit.swift */ = {isa = PBXFileReference; fileEncoding = 4; lastKnownFileType = sourcecode.swift; path = Bit.swift; sourceTree = "<group>"; };
		1FE01DDC200A6C870052B11D /* BlockCipher.swift */ = {isa = PBXFileReference; fileEncoding = 4; lastKnownFileType = sourcecode.swift; path = BlockCipher.swift; sourceTree = "<group>"; };
		1FE01DDE200A6C870052B11D /* BlockMode.swift */ = {isa = PBXFileReference; fileEncoding = 4; lastKnownFileType = sourcecode.swift; path = BlockMode.swift; sourceTree = "<group>"; };
		1FE01DDF200A6C870052B11D /* BlockModeOptions.swift */ = {isa = PBXFileReference; fileEncoding = 4; lastKnownFileType = sourcecode.swift; path = BlockModeOptions.swift; sourceTree = "<group>"; };
		1FE01DE0200A6C870052B11D /* BlockModeWorker.swift */ = {isa = PBXFileReference; fileEncoding = 4; lastKnownFileType = sourcecode.swift; path = BlockModeWorker.swift; sourceTree = "<group>"; };
		1FE01DE1200A6C870052B11D /* CBC.swift */ = {isa = PBXFileReference; fileEncoding = 4; lastKnownFileType = sourcecode.swift; path = CBC.swift; sourceTree = "<group>"; };
		1FE01DE2200A6C870052B11D /* CFB.swift */ = {isa = PBXFileReference; fileEncoding = 4; lastKnownFileType = sourcecode.swift; path = CFB.swift; sourceTree = "<group>"; };
		1FE01DE3200A6C870052B11D /* CTR.swift */ = {isa = PBXFileReference; fileEncoding = 4; lastKnownFileType = sourcecode.swift; path = CTR.swift; sourceTree = "<group>"; };
		1FE01DE4200A6C870052B11D /* ECB.swift */ = {isa = PBXFileReference; fileEncoding = 4; lastKnownFileType = sourcecode.swift; path = ECB.swift; sourceTree = "<group>"; };
		1FE01DE5200A6C870052B11D /* OFB.swift */ = {isa = PBXFileReference; fileEncoding = 4; lastKnownFileType = sourcecode.swift; path = OFB.swift; sourceTree = "<group>"; };
		1FE01DE6200A6C870052B11D /* PCBC.swift */ = {isa = PBXFileReference; fileEncoding = 4; lastKnownFileType = sourcecode.swift; path = PCBC.swift; sourceTree = "<group>"; };
		1FE01DE7200A6C870052B11D /* RandomAccessBlockModeWorker.swift */ = {isa = PBXFileReference; fileEncoding = 4; lastKnownFileType = sourcecode.swift; path = RandomAccessBlockModeWorker.swift; sourceTree = "<group>"; };
		1FE01DE8200A6C870052B11D /* Blowfish.swift */ = {isa = PBXFileReference; fileEncoding = 4; lastKnownFileType = sourcecode.swift; path = Blowfish.swift; sourceTree = "<group>"; };
		1FE01DE9200A6C870052B11D /* ChaCha20.swift */ = {isa = PBXFileReference; fileEncoding = 4; lastKnownFileType = sourcecode.swift; path = ChaCha20.swift; sourceTree = "<group>"; };
		1FE01DEA200A6C870052B11D /* Checksum.swift */ = {isa = PBXFileReference; fileEncoding = 4; lastKnownFileType = sourcecode.swift; path = Checksum.swift; sourceTree = "<group>"; };
		1FE01DEB200A6C870052B11D /* Cipher.swift */ = {isa = PBXFileReference; fileEncoding = 4; lastKnownFileType = sourcecode.swift; path = Cipher.swift; sourceTree = "<group>"; };
		1FE01DEC200A6C870052B11D /* Collection+Extension.swift */ = {isa = PBXFileReference; fileEncoding = 4; lastKnownFileType = sourcecode.swift; path = "Collection+Extension.swift"; sourceTree = "<group>"; };
		1FE01DED200A6C870052B11D /* Cryptors.swift */ = {isa = PBXFileReference; fileEncoding = 4; lastKnownFileType = sourcecode.swift; path = Cryptors.swift; sourceTree = "<group>"; };
		1FE01DEE200A6C870052B11D /* Digest.swift */ = {isa = PBXFileReference; fileEncoding = 4; lastKnownFileType = sourcecode.swift; path = Digest.swift; sourceTree = "<group>"; };
		1FE01DEF200A6C870052B11D /* DigestType.swift */ = {isa = PBXFileReference; fileEncoding = 4; lastKnownFileType = sourcecode.swift; path = DigestType.swift; sourceTree = "<group>"; };
		1FE01DF1200A6C870052B11D /* AES+Foundation.swift */ = {isa = PBXFileReference; fileEncoding = 4; lastKnownFileType = sourcecode.swift; path = "AES+Foundation.swift"; sourceTree = "<group>"; };
		1FE01DF2200A6C870052B11D /* Array+Foundation.swift */ = {isa = PBXFileReference; fileEncoding = 4; lastKnownFileType = sourcecode.swift; path = "Array+Foundation.swift"; sourceTree = "<group>"; };
		1FE01DF3200A6C870052B11D /* Blowfish+Foundation.swift */ = {isa = PBXFileReference; fileEncoding = 4; lastKnownFileType = sourcecode.swift; path = "Blowfish+Foundation.swift"; sourceTree = "<group>"; };
		1FE01DF4200A6C870052B11D /* ChaCha20+Foundation.swift */ = {isa = PBXFileReference; fileEncoding = 4; lastKnownFileType = sourcecode.swift; path = "ChaCha20+Foundation.swift"; sourceTree = "<group>"; };
		1FE01DF5200A6C870052B11D /* Data+Extension.swift */ = {isa = PBXFileReference; fileEncoding = 4; lastKnownFileType = sourcecode.swift; path = "Data+Extension.swift"; sourceTree = "<group>"; };
		1FE01DF6200A6C870052B11D /* HMAC+Foundation.swift */ = {isa = PBXFileReference; fileEncoding = 4; lastKnownFileType = sourcecode.swift; path = "HMAC+Foundation.swift"; sourceTree = "<group>"; };
		1FE01DF7200A6C870052B11D /* Rabbit+Foundation.swift */ = {isa = PBXFileReference; fileEncoding = 4; lastKnownFileType = sourcecode.swift; path = "Rabbit+Foundation.swift"; sourceTree = "<group>"; };
		1FE01DF8200A6C870052B11D /* String+FoundationExtension.swift */ = {isa = PBXFileReference; fileEncoding = 4; lastKnownFileType = sourcecode.swift; path = "String+FoundationExtension.swift"; sourceTree = "<group>"; };
		1FE01DF9200A6C870052B11D /* Utils+Foundation.swift */ = {isa = PBXFileReference; fileEncoding = 4; lastKnownFileType = sourcecode.swift; path = "Utils+Foundation.swift"; sourceTree = "<group>"; };
		1FE01DFA200A6C870052B11D /* Generics.swift */ = {isa = PBXFileReference; fileEncoding = 4; lastKnownFileType = sourcecode.swift; path = Generics.swift; sourceTree = "<group>"; };
		1FE01DFB200A6C870052B11D /* HMAC.swift */ = {isa = PBXFileReference; fileEncoding = 4; lastKnownFileType = sourcecode.swift; path = HMAC.swift; sourceTree = "<group>"; };
		1FE01DFC200A6C870052B11D /* Int+Extension.swift */ = {isa = PBXFileReference; fileEncoding = 4; lastKnownFileType = sourcecode.swift; path = "Int+Extension.swift"; sourceTree = "<group>"; };
		1FE01DFD200A6C870052B11D /* MD5.swift */ = {isa = PBXFileReference; fileEncoding = 4; lastKnownFileType = sourcecode.swift; path = MD5.swift; sourceTree = "<group>"; };
		1FE01DFE200A6C870052B11D /* NoPadding.swift */ = {isa = PBXFileReference; fileEncoding = 4; lastKnownFileType = sourcecode.swift; path = NoPadding.swift; sourceTree = "<group>"; };
		1FE01DFF200A6C870052B11D /* Operators.swift */ = {isa = PBXFileReference; fileEncoding = 4; lastKnownFileType = sourcecode.swift; path = Operators.swift; sourceTree = "<group>"; };
		1FE01E00200A6C870052B11D /* Padding.swift */ = {isa = PBXFileReference; fileEncoding = 4; lastKnownFileType = sourcecode.swift; path = Padding.swift; sourceTree = "<group>"; };
		1FE01E02200A6C870052B11D /* PBKDF1.swift */ = {isa = PBXFileReference; fileEncoding = 4; lastKnownFileType = sourcecode.swift; path = PBKDF1.swift; sourceTree = "<group>"; };
		1FE01E03200A6C870052B11D /* PBKDF2.swift */ = {isa = PBXFileReference; fileEncoding = 4; lastKnownFileType = sourcecode.swift; path = PBKDF2.swift; sourceTree = "<group>"; };
		1FE01E04200A6C870052B11D /* PKCS5.swift */ = {isa = PBXFileReference; fileEncoding = 4; lastKnownFileType = sourcecode.swift; path = PKCS5.swift; sourceTree = "<group>"; };
		1FE01E05200A6C870052B11D /* PKCS7.swift */ = {isa = PBXFileReference; fileEncoding = 4; lastKnownFileType = sourcecode.swift; path = PKCS7.swift; sourceTree = "<group>"; };
		1FE01E06200A6C870052B11D /* PKCS7Padding.swift */ = {isa = PBXFileReference; fileEncoding = 4; lastKnownFileType = sourcecode.swift; path = PKCS7Padding.swift; sourceTree = "<group>"; };
		1FE01E07200A6C870052B11D /* Poly1305.swift */ = {isa = PBXFileReference; fileEncoding = 4; lastKnownFileType = sourcecode.swift; path = Poly1305.swift; sourceTree = "<group>"; };
		1FE01E08200A6C870052B11D /* Rabbit.swift */ = {isa = PBXFileReference; fileEncoding = 4; lastKnownFileType = sourcecode.swift; path = Rabbit.swift; sourceTree = "<group>"; };
		1FE01E09200A6C870052B11D /* RandomAccessCryptor.swift */ = {isa = PBXFileReference; fileEncoding = 4; lastKnownFileType = sourcecode.swift; path = RandomAccessCryptor.swift; sourceTree = "<group>"; };
		1FE01E0A200A6C870052B11D /* RandomBytesSequence.swift */ = {isa = PBXFileReference; fileEncoding = 4; lastKnownFileType = sourcecode.swift; path = RandomBytesSequence.swift; sourceTree = "<group>"; };
		1FE01E0B200A6C870052B11D /* SecureBytes.swift */ = {isa = PBXFileReference; fileEncoding = 4; lastKnownFileType = sourcecode.swift; path = SecureBytes.swift; sourceTree = "<group>"; };
		1FE01E0C200A6C870052B11D /* SHA1.swift */ = {isa = PBXFileReference; fileEncoding = 4; lastKnownFileType = sourcecode.swift; path = SHA1.swift; sourceTree = "<group>"; };
		1FE01E0D200A6C870052B11D /* SHA2.swift */ = {isa = PBXFileReference; fileEncoding = 4; lastKnownFileType = sourcecode.swift; path = SHA2.swift; sourceTree = "<group>"; };
		1FE01E0E200A6C870052B11D /* SHA3.swift */ = {isa = PBXFileReference; fileEncoding = 4; lastKnownFileType = sourcecode.swift; path = SHA3.swift; sourceTree = "<group>"; };
		1FE01E0F200A6C870052B11D /* String+Extension.swift */ = {isa = PBXFileReference; fileEncoding = 4; lastKnownFileType = sourcecode.swift; path = "String+Extension.swift"; sourceTree = "<group>"; };
		1FE01E10200A6C870052B11D /* UInt16+Extension.swift */ = {isa = PBXFileReference; fileEncoding = 4; lastKnownFileType = sourcecode.swift; path = "UInt16+Extension.swift"; sourceTree = "<group>"; };
		1FE01E11200A6C870052B11D /* UInt32+Extension.swift */ = {isa = PBXFileReference; fileEncoding = 4; lastKnownFileType = sourcecode.swift; path = "UInt32+Extension.swift"; sourceTree = "<group>"; };
		1FE01E12200A6C870052B11D /* UInt64+Extension.swift */ = {isa = PBXFileReference; fileEncoding = 4; lastKnownFileType = sourcecode.swift; path = "UInt64+Extension.swift"; sourceTree = "<group>"; };
		1FE01E13200A6C870052B11D /* UInt8+Extension.swift */ = {isa = PBXFileReference; fileEncoding = 4; lastKnownFileType = sourcecode.swift; path = "UInt8+Extension.swift"; sourceTree = "<group>"; };
		1FE01E14200A6C870052B11D /* Updatable.swift */ = {isa = PBXFileReference; fileEncoding = 4; lastKnownFileType = sourcecode.swift; path = Updatable.swift; sourceTree = "<group>"; };
		1FE01E15200A6C870052B11D /* Utils.swift */ = {isa = PBXFileReference; fileEncoding = 4; lastKnownFileType = sourcecode.swift; path = Utils.swift; sourceTree = "<group>"; };
		1FE01E16200A6C870052B11D /* ZeroPadding.swift */ = {isa = PBXFileReference; fileEncoding = 4; lastKnownFileType = sourcecode.swift; path = ZeroPadding.swift; sourceTree = "<group>"; };
		1FE01E18200A6C870052B11D /* UINavigationController+FDFullscreenPopGesture.h */ = {isa = PBXFileReference; fileEncoding = 4; lastKnownFileType = sourcecode.c.h; path = "UINavigationController+FDFullscreenPopGesture.h"; sourceTree = "<group>"; };
		1FE01E19200A6C870052B11D /* UINavigationController+FDFullscreenPopGesture.m */ = {isa = PBXFileReference; fileEncoding = 4; lastKnownFileType = sourcecode.c.objc; path = "UINavigationController+FDFullscreenPopGesture.m"; sourceTree = "<group>"; };
		1FE01E1B200A6C870052B11D /* CustomExtension.swift */ = {isa = PBXFileReference; fileEncoding = 4; lastKnownFileType = sourcecode.swift; path = CustomExtension.swift; sourceTree = "<group>"; };
		1FE01E1C200A6C870052B11D /* Hud.swift */ = {isa = PBXFileReference; fileEncoding = 4; lastKnownFileType = sourcecode.swift; path = Hud.swift; sourceTree = "<group>"; };
		1FE01E1D200A6C870052B11D /* UIKitExtension.swift */ = {isa = PBXFileReference; fileEncoding = 4; lastKnownFileType = sourcecode.swift; path = UIKitExtension.swift; sourceTree = "<group>"; };
		1FE01E1F200A6C870052B11D /* UIControl+JPBtnClickDelay.h */ = {isa = PBXFileReference; fileEncoding = 4; lastKnownFileType = sourcecode.c.h; path = "UIControl+JPBtnClickDelay.h"; sourceTree = "<group>"; };
		1FE01E20200A6C870052B11D /* UIControl+JPBtnClickDelay.m */ = {isa = PBXFileReference; fileEncoding = 4; lastKnownFileType = sourcecode.c.objc; path = "UIControl+JPBtnClickDelay.m"; sourceTree = "<group>"; };
		1FE01E21200A6C870052B11D /* lame.framework */ = {isa = PBXFileReference; lastKnownFileType = wrapper.framework; path = lame.framework; sourceTree = "<group>"; };
		1FE01E22200A6C870052B11D /* MRCountDownButton.swift */ = {isa = PBXFileReference; fileEncoding = 4; lastKnownFileType = sourcecode.swift; path = MRCountDownButton.swift; sourceTree = "<group>"; };
		1FE01E23200A6C870052B11D /* Toast.swift */ = {isa = PBXFileReference; fileEncoding = 4; lastKnownFileType = sourcecode.swift; path = Toast.swift; sourceTree = "<group>"; };
		1FE01E6D200A6D100052B11D /* BackImage.swift */ = {isa = PBXFileReference; fileEncoding = 4; lastKnownFileType = sourcecode.swift; path = BackImage.swift; sourceTree = "<group>"; };
		4DB5F0738E1591CEB9F65284 /* Pods_______.framework */ = {isa = PBXFileReference; explicitFileType = wrapper.framework; includeInIndex = 0; path = "Pods_______.framework"; sourceTree = BUILT_PRODUCTS_DIR; };
		62F098E4F1E9A052EA9F255C /* Pods-网络数据处理.debug.xcconfig */ = {isa = PBXFileReference; includeInIndex = 1; lastKnownFileType = text.xcconfig; name = "Pods-网络数据处理.debug.xcconfig"; path = "Pods/Target Support Files/Pods-网络数据处理/Pods-网络数据处理.debug.xcconfig"; sourceTree = "<group>"; };
		9D3009D32008634A0043C536 /* 网络数据处理.app */ = {isa = PBXFileReference; explicitFileType = wrapper.application; includeInIndex = 0; path = "网络数据处理.app"; sourceTree = BUILT_PRODUCTS_DIR; };
		9D3009D62008634A0043C536 /* AppDelegate.swift */ = {isa = PBXFileReference; lastKnownFileType = sourcecode.swift; path = AppDelegate.swift; sourceTree = "<group>"; };
		9D3009D82008634A0043C536 /* ViewController.swift */ = {isa = PBXFileReference; lastKnownFileType = sourcecode.swift; path = ViewController.swift; sourceTree = "<group>"; };
		9D3009DB2008634A0043C536 /* Base */ = {isa = PBXFileReference; lastKnownFileType = file.storyboard; name = Base; path = Base.lproj/Main.storyboard; sourceTree = "<group>"; };
		9D3009DD2008634A0043C536 /* Assets.xcassets */ = {isa = PBXFileReference; lastKnownFileType = folder.assetcatalog; path = Assets.xcassets; sourceTree = "<group>"; };
		9D3009E02008634A0043C536 /* Base */ = {isa = PBXFileReference; lastKnownFileType = file.storyboard; name = Base; path = Base.lproj/LaunchScreen.storyboard; sourceTree = "<group>"; };
		9D3009E22008634A0043C536 /* Info.plist */ = {isa = PBXFileReference; lastKnownFileType = text.plist.xml; path = Info.plist; sourceTree = "<group>"; };
		FA61462D7EBD123E29444CDD /* Pods-网络数据处理.release.xcconfig */ = {isa = PBXFileReference; includeInIndex = 1; lastKnownFileType = text.xcconfig; name = "Pods-网络数据处理.release.xcconfig"; path = "Pods/Target Support Files/Pods-网络数据处理/Pods-网络数据处理.release.xcconfig"; sourceTree = "<group>"; };
/* End PBXFileReference section */

/* Begin PBXFrameworksBuildPhase section */
		9D3009D02008634A0043C536 /* Frameworks */ = {
			isa = PBXFrameworksBuildPhase;
			buildActionMask = 2147483647;
			files = (
				23F57E282CB4EAB8BA37E632 /* Pods_______.framework in Frameworks */,
				1FE01E6A200A6C870052B11D /* lame.framework in Frameworks */,
			);
			runOnlyForDeploymentPostprocessing = 0;
		};
/* End PBXFrameworksBuildPhase section */

/* Begin PBXGroup section */
		1FC20A3D2008E84200CBC4A2 /* LTLTools */ = {
			isa = PBXGroup;
			children = (
				1FC20A3E2008E84200CBC4A2 /* ModelTool */,
				1FC20A452008E84200CBC4A2 /* Network */,
				1FC20A512008E84200CBC4A2 /* OtherLib */,
				1FC20A612008E84200CBC4A2 /* SystemInfo */,
				1FC20A632008E84200CBC4A2 /* Toolclass */,
				1FC20A6D2008E84200CBC4A2 /* UserInfoRequest.swift */,
				1FC20A6E2008E84200CBC4A2 /* 分类 */,
				1FC20A812008E84200CBC4A2 /* 自定义控件 */,
			);
			path = LTLTools;
			sourceTree = "<group>";
		};
		1FC20A3E2008E84200CBC4A2 /* ModelTool */ = {
			isa = PBXGroup;
			children = (
				1FC20A3F2008E84200CBC4A2 /* LTLPropertyTool.swift */,
				1FC20A402008E84200CBC4A2 /* ModelTool.swift */,
				1FC20A412008E84200CBC4A2 /* NSObject+Model.swift */,
				1FC20A422008E84200CBC4A2 /* NSObject+Property.swift */,
				1FC20A432008E84200CBC4A2 /* PropertyCodeMake.swift */,
				1FC20A442008E84200CBC4A2 /* PropertyModel.swift */,
			);
			path = ModelTool;
			sourceTree = "<group>";
		};
		1FC20A452008E84200CBC4A2 /* Network */ = {
			isa = PBXGroup;
			children = (
				1FC20A462008E84200CBC4A2 /* LogCategory.h */,
				1FC20A472008E84200CBC4A2 /* LogCategory.m */,
				1FC20A482008E84200CBC4A2 /* LTLBaseNetWork.swift */,
				1FC20A492008E84200CBC4A2 /* LTLLog.swift */,
				1FC20A4A2008E84200CBC4A2 /* LTLNetworkErrorType.swift */,
				1FC20A4B2008E84200CBC4A2 /* LTLNetworkTools.swift */,
				1FC20A4C2008E84200CBC4A2 /* LTLWeChatAccess.swift */,
				1FC20A4D2008E84200CBC4A2 /* NetworkConfig.swift */,
				1FC20A4E2008E84200CBC4A2 /* Swime */,
			);
			path = Network;
			sourceTree = "<group>";
		};
		1FC20A4E2008E84200CBC4A2 /* Swime */ = {
			isa = PBXGroup;
			children = (
				1FC20A4F2008E84200CBC4A2 /* MimeType.swift */,
				1FC20A502008E84200CBC4A2 /* Swime.swift */,
			);
			path = Swime;
			sourceTree = "<group>";
		};
		1FC20A512008E84200CBC4A2 /* OtherLib */ = {
			isa = PBXGroup;
			children = (
				1FE01E6D200A6D100052B11D /* BackImage.swift */,
				1FC20A522008E84200CBC4A2 /* FDFullscreenPopGesture */,
				1FC20A532008E84200CBC4A2 /* PageView */,
				1FC20A582008E84200CBC4A2 /* WKWebView */,
				1FC20A5D2008E84200CBC4A2 /* 图片浏览 */,
			);
			path = OtherLib;
			sourceTree = "<group>";
		};
		1FC20A522008E84200CBC4A2 /* FDFullscreenPopGesture */ = {
			isa = PBXGroup;
			children = (
			);
			path = FDFullscreenPopGesture;
			sourceTree = "<group>";
		};
		1FC20A532008E84200CBC4A2 /* PageView */ = {
			isa = PBXGroup;
			children = (
				1FC20A542008E84200CBC4A2 /* LTLContentView.swift */,
				1FC20A552008E84200CBC4A2 /* LTLHeaderView.swift */,
				1FC20A562008E84200CBC4A2 /* LTLPageView.swift */,
				1FC20A572008E84200CBC4A2 /* LTLReuseView.swift */,
			);
			path = PageView;
			sourceTree = "<group>";
		};
		1FC20A582008E84200CBC4A2 /* WKWebView */ = {
			isa = PBXGroup;
			children = (
				1FC20A592008E84200CBC4A2 /* WebView.swift */,
				1FC20A5A2008E84200CBC4A2 /* WKJSPOST.html */,
				1FC20A5B2008E84200CBC4A2 /* WkwebViewConfig.swift */,
				1FC20A5C2008E84200CBC4A2 /* WKWebviewController.swift */,
			);
			path = WKWebView;
			sourceTree = "<group>";
		};
		1FC20A5D2008E84200CBC4A2 /* 图片浏览 */ = {
			isa = PBXGroup;
			children = (
				1FC20A5E2008E84200CBC4A2 /* LTLImageBrowserVC.swift */,
				1FC20A5F2008E84200CBC4A2 /* LTLImageViewCell.swift */,
				1FC20A602008E84200CBC4A2 /* LTLPhotoAlbumUtil.swift */,
			);
			path = "图片浏览";
			sourceTree = "<group>";
		};
		1FC20A612008E84200CBC4A2 /* SystemInfo */ = {
			isa = PBXGroup;
			children = (
				1FC20A622008E84200CBC4A2 /* LTLSystemInfo.swift */,
			);
			path = SystemInfo;
			sourceTree = "<group>";
		};
		1FC20A632008E84200CBC4A2 /* Toolclass */ = {
			isa = PBXGroup;
			children = (
				1FC20A642008E84200CBC4A2 /* InfoServe.swift */,
				1FC20A652008E84200CBC4A2 /* LTLCountDown.swift */,
				1FC20A662008E84200CBC4A2 /* LTLDataEncoding.swift */,
				1FC20A672008E84200CBC4A2 /* LTLFile.swift */,
				1FC20A682008E84200CBC4A2 /* LTLToolclass.swift */,
				1FC20A692008E84200CBC4A2 /* MQTT */,
				1FC20A6C2008E84200CBC4A2 /* PFString.swift */,
			);
			path = Toolclass;
			sourceTree = "<group>";
		};
		1FC20A692008E84200CBC4A2 /* MQTT */ = {
			isa = PBXGroup;
			children = (
				1FC20A6A2008E84200CBC4A2 /* MQTTSwift.swift */,
				1FC20A6B2008E84200CBC4A2 /* MQTTTopic.swift */,
			);
			path = MQTT;
			sourceTree = "<group>";
		};
		1FC20A6E2008E84200CBC4A2 /* 分类 */ = {
			isa = PBXGroup;
			children = (
				1FC20A6F2008E84200CBC4A2 /* OC */,
				1FC20A762008E84200CBC4A2 /* swift */,
			);
			path = "分类";
			sourceTree = "<group>";
		};
		1FC20A6F2008E84200CBC4A2 /* OC */ = {
			isa = PBXGroup;
			children = (
				1FC20A702008E84200CBC4A2 /* NSString+LTLCode.h */,
				1FC20A712008E84200CBC4A2 /* NSString+LTLCode.m */,
				1FC20A722008E84200CBC4A2 /* UIButton+SSEdgeInsets.h */,
				1FC20A732008E84200CBC4A2 /* UIButton+SSEdgeInsets.m */,
				1FC20A742008E84200CBC4A2 /* WordLimit.h */,
				1FC20A752008E84200CBC4A2 /* WordLimit.m */,
			);
			path = OC;
			sourceTree = "<group>";
		};
		1FC20A762008E84200CBC4A2 /* swift */ = {
			isa = PBXGroup;
			children = (
				1FC20A772008E84200CBC4A2 /* Common+String.swift */,
				1FC20A782008E84200CBC4A2 /* ExchangeMethod+NSObject.swift */,
				1FC20A792008E84200CBC4A2 /* JSONExtension.swift */,
				1FC20A7A2008E84200CBC4A2 /* Queue+OperationQueue.swift */,
				1FC20A7B2008E84200CBC4A2 /* String+Color.swift */,
				1FC20A7C2008E84200CBC4A2 /* Thread+DispatchQueue.swift */,
				1FC20A7D2008E84200CBC4A2 /* Timer+Date.swift */,
				1FC20A7E2008E84200CBC4A2 /* toBool+Int.swift */,
				1FC20A7F2008E84200CBC4A2 /* ToString+Data.swift */,
				1FC20A802008E84200CBC4A2 /* ViewControllerExtend.swift */,
			);
			path = swift;
			sourceTree = "<group>";
		};
		1FC20A812008E84200CBC4A2 /* 自定义控件 */ = {
			isa = PBXGroup;
			children = (
				1FC20A822008E84200CBC4A2 /* FPSLabel.swift */,
				1FC20A832008E84200CBC4A2 /* LTLLabelPadding.swift */,
			);
			path = "自定义控件";
			sourceTree = "<group>";
		};
		1FE01DD0200A6C870052B11D /* OtherLib */ = {
			isa = PBXGroup;
			children = (
				1FE01DD1200A6C870052B11D /* ACFloatingTextfield.swift */,
				1FE01DD2200A6C870052B11D /* Colours */,
				1FE01DD4200A6C870052B11D /* CryptoSwift */,
				1FE01E17200A6C870052B11D /* FDFullscreenPopGesture */,
				1FE01E1A200A6C870052B11D /* HUD */,
				1FE01E1E200A6C870052B11D /* JPBtnClickDelayCategory */,
				1FE01E21200A6C870052B11D /* lame.framework */,
				1FE01E22200A6C870052B11D /* MRCountDownButton.swift */,
				1FE01E23200A6C870052B11D /* Toast.swift */,
			);
			path = OtherLib;
			sourceTree = "<group>";
		};
		1FE01DD2200A6C870052B11D /* Colours */ = {
			isa = PBXGroup;
			children = (
				1FE01DD3200A6C870052B11D /* Colours.swift */,
			);
			path = Colours;
			sourceTree = "<group>";
		};
		1FE01DD4200A6C870052B11D /* CryptoSwift */ = {
			isa = PBXGroup;
			children = (
				1FE01DD5200A6C870052B11D /* AES.Cryptors.swift */,
				1FE01DD6200A6C870052B11D /* AES.swift */,
				1FE01DD7200A6C870052B11D /* Array+Extension.swift */,
				1FE01DD8200A6C870052B11D /* Array+Extensions.swift */,
				1FE01DD9200A6C870052B11D /* Authenticator.swift */,
				1FE01DDA200A6C870052B11D /* BatchedCollection.swift */,
				1FE01DDB200A6C870052B11D /* Bit.swift */,
				1FE01DDC200A6C870052B11D /* BlockCipher.swift */,
				1FE01DDD200A6C870052B11D /* BlockMode */,
				1FE01DE8200A6C870052B11D /* Blowfish.swift */,
				1FE01DE9200A6C870052B11D /* ChaCha20.swift */,
				1FE01DEA200A6C870052B11D /* Checksum.swift */,
				1FE01DEB200A6C870052B11D /* Cipher.swift */,
				1FE01DEC200A6C870052B11D /* Collection+Extension.swift */,
				1FE01DED200A6C870052B11D /* Cryptors.swift */,
				1FE01DEE200A6C870052B11D /* Digest.swift */,
				1FE01DEF200A6C870052B11D /* DigestType.swift */,
				1FE01DF0200A6C870052B11D /* Foundation */,
				1FE01DFA200A6C870052B11D /* Generics.swift */,
				1FE01DFB200A6C870052B11D /* HMAC.swift */,
				1FE01DFC200A6C870052B11D /* Int+Extension.swift */,
				1FE01DFD200A6C870052B11D /* MD5.swift */,
				1FE01DFE200A6C870052B11D /* NoPadding.swift */,
				1FE01DFF200A6C870052B11D /* Operators.swift */,
				1FE01E00200A6C870052B11D /* Padding.swift */,
				1FE01E01200A6C870052B11D /* PKCS */,
				1FE01E07200A6C870052B11D /* Poly1305.swift */,
				1FE01E08200A6C870052B11D /* Rabbit.swift */,
				1FE01E09200A6C870052B11D /* RandomAccessCryptor.swift */,
				1FE01E0A200A6C870052B11D /* RandomBytesSequence.swift */,
				1FE01E0B200A6C870052B11D /* SecureBytes.swift */,
				1FE01E0C200A6C870052B11D /* SHA1.swift */,
				1FE01E0D200A6C870052B11D /* SHA2.swift */,
				1FE01E0E200A6C870052B11D /* SHA3.swift */,
				1FE01E0F200A6C870052B11D /* String+Extension.swift */,
				1FE01E10200A6C870052B11D /* UInt16+Extension.swift */,
				1FE01E11200A6C870052B11D /* UInt32+Extension.swift */,
				1FE01E12200A6C870052B11D /* UInt64+Extension.swift */,
				1FE01E13200A6C870052B11D /* UInt8+Extension.swift */,
				1FE01E14200A6C870052B11D /* Updatable.swift */,
				1FE01E15200A6C870052B11D /* Utils.swift */,
				1FE01E16200A6C870052B11D /* ZeroPadding.swift */,
			);
			path = CryptoSwift;
			sourceTree = "<group>";
		};
		1FE01DDD200A6C870052B11D /* BlockMode */ = {
			isa = PBXGroup;
			children = (
				1FE01DDE200A6C870052B11D /* BlockMode.swift */,
				1FE01DDF200A6C870052B11D /* BlockModeOptions.swift */,
				1FE01DE0200A6C870052B11D /* BlockModeWorker.swift */,
				1FE01DE1200A6C870052B11D /* CBC.swift */,
				1FE01DE2200A6C870052B11D /* CFB.swift */,
				1FE01DE3200A6C870052B11D /* CTR.swift */,
				1FE01DE4200A6C870052B11D /* ECB.swift */,
				1FE01DE5200A6C870052B11D /* OFB.swift */,
				1FE01DE6200A6C870052B11D /* PCBC.swift */,
				1FE01DE7200A6C870052B11D /* RandomAccessBlockModeWorker.swift */,
			);
			path = BlockMode;
			sourceTree = "<group>";
		};
		1FE01DF0200A6C870052B11D /* Foundation */ = {
			isa = PBXGroup;
			children = (
				1FE01DF1200A6C870052B11D /* AES+Foundation.swift */,
				1FE01DF2200A6C870052B11D /* Array+Foundation.swift */,
				1FE01DF3200A6C870052B11D /* Blowfish+Foundation.swift */,
				1FE01DF4200A6C870052B11D /* ChaCha20+Foundation.swift */,
				1FE01DF5200A6C870052B11D /* Data+Extension.swift */,
				1FE01DF6200A6C870052B11D /* HMAC+Foundation.swift */,
				1FE01DF7200A6C870052B11D /* Rabbit+Foundation.swift */,
				1FE01DF8200A6C870052B11D /* String+FoundationExtension.swift */,
				1FE01DF9200A6C870052B11D /* Utils+Foundation.swift */,
			);
			path = Foundation;
			sourceTree = "<group>";
		};
		1FE01E01200A6C870052B11D /* PKCS */ = {
			isa = PBXGroup;
			children = (
				1FE01E02200A6C870052B11D /* PBKDF1.swift */,
				1FE01E03200A6C870052B11D /* PBKDF2.swift */,
				1FE01E04200A6C870052B11D /* PKCS5.swift */,
				1FE01E05200A6C870052B11D /* PKCS7.swift */,
				1FE01E06200A6C870052B11D /* PKCS7Padding.swift */,
			);
			path = PKCS;
			sourceTree = "<group>";
		};
		1FE01E17200A6C870052B11D /* FDFullscreenPopGesture */ = {
			isa = PBXGroup;
			children = (
				1FE01E18200A6C870052B11D /* UINavigationController+FDFullscreenPopGesture.h */,
				1FE01E19200A6C870052B11D /* UINavigationController+FDFullscreenPopGesture.m */,
			);
			path = FDFullscreenPopGesture;
			sourceTree = "<group>";
		};
		1FE01E1A200A6C870052B11D /* HUD */ = {
			isa = PBXGroup;
			children = (
				1FE01E1B200A6C870052B11D /* CustomExtension.swift */,
				1FE01E1C200A6C870052B11D /* Hud.swift */,
				1FE01E1D200A6C870052B11D /* UIKitExtension.swift */,
			);
			path = HUD;
			sourceTree = "<group>";
		};
		1FE01E1E200A6C870052B11D /* JPBtnClickDelayCategory */ = {
			isa = PBXGroup;
			children = (
				1FE01E1F200A6C870052B11D /* UIControl+JPBtnClickDelay.h */,
				1FE01E20200A6C870052B11D /* UIControl+JPBtnClickDelay.m */,
			);
			path = JPBtnClickDelayCategory;
			sourceTree = "<group>";
		};
		34144F52E7BAD13C3E740B54 /* Pods */ = {
			isa = PBXGroup;
			children = (
				62F098E4F1E9A052EA9F255C /* Pods-网络数据处理.debug.xcconfig */,
				FA61462D7EBD123E29444CDD /* Pods-网络数据处理.release.xcconfig */,
			);
			name = Pods;
			sourceTree = "<group>";
		};
		5023E35F41C4ED03CE2E48DA /* Frameworks */ = {
			isa = PBXGroup;
			children = (
				4DB5F0738E1591CEB9F65284 /* Pods_______.framework */,
			);
			name = Frameworks;
			sourceTree = "<group>";
		};
		9D3009CA2008634A0043C536 = {
			isa = PBXGroup;
			children = (
				9D3009D52008634A0043C536 /* 网络数据处理 */,
				9D3009D42008634A0043C536 /* Products */,
				34144F52E7BAD13C3E740B54 /* Pods */,
				5023E35F41C4ED03CE2E48DA /* Frameworks */,
			);
			sourceTree = "<group>";
		};
		9D3009D42008634A0043C536 /* Products */ = {
			isa = PBXGroup;
			children = (
				9D3009D32008634A0043C536 /* 网络数据处理.app */,
			);
			name = Products;
			sourceTree = "<group>";
		};
		9D3009D52008634A0043C536 /* 网络数据处理 */ = {
			isa = PBXGroup;
			children = (
				1FE01DD0200A6C870052B11D /* OtherLib */,
				1FC20A3D2008E84200CBC4A2 /* LTLTools */,
				9D3009D62008634A0043C536 /* AppDelegate.swift */,
				9D3009D82008634A0043C536 /* ViewController.swift */,
				9D3009DA2008634A0043C536 /* Main.storyboard */,
				9D3009DD2008634A0043C536 /* Assets.xcassets */,
				9D3009DF2008634A0043C536 /* LaunchScreen.storyboard */,
				9D3009E22008634A0043C536 /* Info.plist */,
			);
			path = "网络数据处理";
			sourceTree = "<group>";
		};
/* End PBXGroup section */

/* Begin PBXNativeTarget section */
		9D3009D22008634A0043C536 /* 网络数据处理 */ = {
			isa = PBXNativeTarget;
			buildConfigurationList = 9D3009E52008634A0043C536 /* Build configuration list for PBXNativeTarget "网络数据处理" */;
			buildPhases = (
				82F8EA1A8CB250E24D056952 /* [CP] Check Pods Manifest.lock */,
				9D3009CF2008634A0043C536 /* Sources */,
				9D3009D02008634A0043C536 /* Frameworks */,
				9D3009D12008634A0043C536 /* Resources */,
				B91461D46B7804B6831D4C81 /* [CP] Embed Pods Frameworks */,
				3451DB5CE2E2C2A1FB76AAA1 /* [CP] Copy Pods Resources */,
			);
			buildRules = (
			);
			dependencies = (
			);
			name = "网络数据处理";
			productName = "网络数据处理";
			productReference = 9D3009D32008634A0043C536 /* 网络数据处理.app */;
			productType = "com.apple.product-type.application";
		};
/* End PBXNativeTarget section */

/* Begin PBXProject section */
		9D3009CB2008634A0043C536 /* Project object */ = {
			isa = PBXProject;
			attributes = {
				LastSwiftUpdateCheck = 0920;
				LastUpgradeCheck = 0920;
				ORGANIZATIONNAME = LTL;
				TargetAttributes = {
					9D3009D22008634A0043C536 = {
						CreatedOnToolsVersion = 9.2;
						ProvisioningStyle = Automatic;
					};
				};
			};
			buildConfigurationList = 9D3009CE2008634A0043C536 /* Build configuration list for PBXProject "网络数据处理" */;
			compatibilityVersion = "Xcode 8.0";
			developmentRegion = en;
			hasScannedForEncodings = 0;
			knownRegions = (
				en,
				Base,
			);
			mainGroup = 9D3009CA2008634A0043C536;
			productRefGroup = 9D3009D42008634A0043C536 /* Products */;
			projectDirPath = "";
			projectRoot = "";
			targets = (
				9D3009D22008634A0043C536 /* 网络数据处理 */,
			);
		};
/* End PBXProject section */

/* Begin PBXResourcesBuildPhase section */
		9D3009D12008634A0043C536 /* Resources */ = {
			isa = PBXResourcesBuildPhase;
			buildActionMask = 2147483647;
			files = (
				9D3009E12008634A0043C536 /* LaunchScreen.storyboard in Resources */,
				1FC20A982008E84200CBC4A2 /* WKJSPOST.html in Resources */,
				9D3009DE2008634A0043C536 /* Assets.xcassets in Resources */,
				9D3009DC2008634A0043C536 /* Main.storyboard in Resources */,
			);
			runOnlyForDeploymentPostprocessing = 0;
		};
/* End PBXResourcesBuildPhase section */

/* Begin PBXShellScriptBuildPhase section */
		3451DB5CE2E2C2A1FB76AAA1 /* [CP] Copy Pods Resources */ = {
			isa = PBXShellScriptBuildPhase;
			buildActionMask = 2147483647;
			files = (
			);
			inputPaths = (
			);
			name = "[CP] Copy Pods Resources";
			outputPaths = (
			);
			runOnlyForDeploymentPostprocessing = 0;
			shellPath = /bin/sh;
			shellScript = "\"${SRCROOT}/Pods/Target Support Files/Pods-网络数据处理/Pods-网络数据处理-resources.sh\"\n";
			showEnvVarsInLog = 0;
		};
		82F8EA1A8CB250E24D056952 /* [CP] Check Pods Manifest.lock */ = {
			isa = PBXShellScriptBuildPhase;
			buildActionMask = 2147483647;
			files = (
			);
			inputPaths = (
				"${PODS_PODFILE_DIR_PATH}/Podfile.lock",
				"${PODS_ROOT}/Manifest.lock",
			);
			name = "[CP] Check Pods Manifest.lock";
			outputPaths = (
				"$(DERIVED_FILE_DIR)/Pods-网络数据处理-checkManifestLockResult.txt",
			);
			runOnlyForDeploymentPostprocessing = 0;
			shellPath = /bin/sh;
			shellScript = "diff \"${PODS_PODFILE_DIR_PATH}/Podfile.lock\" \"${PODS_ROOT}/Manifest.lock\" > /dev/null\nif [ $? != 0 ] ; then\n    # print error to STDERR\n    echo \"error: The sandbox is not in sync with the Podfile.lock. Run 'pod install' or update your CocoaPods installation.\" >&2\n    exit 1\nfi\n# This output is used by Xcode 'outputs' to avoid re-running this script phase.\necho \"SUCCESS\" > \"${SCRIPT_OUTPUT_FILE_0}\"\n";
			showEnvVarsInLog = 0;
		};
		B91461D46B7804B6831D4C81 /* [CP] Embed Pods Frameworks */ = {
			isa = PBXShellScriptBuildPhase;
			buildActionMask = 2147483647;
			files = (
			);
			inputPaths = (
				"${SRCROOT}/Pods/Target Support Files/Pods-网络数据处理/Pods-网络数据处理-frameworks.sh",
				"${BUILT_PRODUCTS_DIR}/Alamofire/Alamofire.framework",
				"${BUILT_PRODUCTS_DIR}/AlamofireNetworkActivityIndicator/AlamofireNetworkActivityIndicator.framework",
				"${BUILT_PRODUCTS_DIR}/Cache/Cache.framework",
				"${BUILT_PRODUCTS_DIR}/DaisyNet/DaisyNet.framework",
				"${BUILT_PRODUCTS_DIR}/EmptyDataSet-Swift/EmptyDataSet_Swift.framework",
				"${BUILT_PRODUCTS_DIR}/Kingfisher/Kingfisher.framework",
				"${BUILT_PRODUCTS_DIR}/MJRefresh/MJRefresh.framework",
				"${BUILT_PRODUCTS_DIR}/Reusable/Reusable.framework",
				"${BUILT_PRODUCTS_DIR}/SnapKit/SnapKit.framework",
				"${BUILT_PRODUCTS_DIR}/Then/Then.framework",
			);
			name = "[CP] Embed Pods Frameworks";
			outputPaths = (
				"${TARGET_BUILD_DIR}/${FRAMEWORKS_FOLDER_PATH}/Alamofire.framework",
				"${TARGET_BUILD_DIR}/${FRAMEWORKS_FOLDER_PATH}/AlamofireNetworkActivityIndicator.framework",
				"${TARGET_BUILD_DIR}/${FRAMEWORKS_FOLDER_PATH}/Cache.framework",
				"${TARGET_BUILD_DIR}/${FRAMEWORKS_FOLDER_PATH}/DaisyNet.framework",
				"${TARGET_BUILD_DIR}/${FRAMEWORKS_FOLDER_PATH}/EmptyDataSet_Swift.framework",
				"${TARGET_BUILD_DIR}/${FRAMEWORKS_FOLDER_PATH}/Kingfisher.framework",
				"${TARGET_BUILD_DIR}/${FRAMEWORKS_FOLDER_PATH}/MJRefresh.framework",
				"${TARGET_BUILD_DIR}/${FRAMEWORKS_FOLDER_PATH}/Reusable.framework",
				"${TARGET_BUILD_DIR}/${FRAMEWORKS_FOLDER_PATH}/SnapKit.framework",
				"${TARGET_BUILD_DIR}/${FRAMEWORKS_FOLDER_PATH}/Then.framework",
			);
			runOnlyForDeploymentPostprocessing = 0;
			shellPath = /bin/sh;
			shellScript = "\"${SRCROOT}/Pods/Target Support Files/Pods-网络数据处理/Pods-网络数据处理-frameworks.sh\"\n";
			showEnvVarsInLog = 0;
		};
/* End PBXShellScriptBuildPhase section */

/* Begin PBXSourcesBuildPhase section */
		9D3009CF2008634A0043C536 /* Sources */ = {
			isa = PBXSourcesBuildPhase;
			buildActionMask = 2147483647;
			files = (
				1FE01E59200A6C870052B11D /* SecureBytes.swift in Sources */,
				1FC20A8F2008E84200CBC4A2 /* LTLWeChatAccess.swift in Sources */,
				1FE01E62200A6C870052B11D /* Updatable.swift in Sources */,
				1FC20AB02008E84200CBC4A2 /* Thread+DispatchQueue.swift in Sources */,
				1FE01E3B200A6C870052B11D /* Cipher.swift in Sources */,
				1FE01E67200A6C870052B11D /* Hud.swift in Sources */,
				1FC20AAA2008E84200CBC4A2 /* WordLimit.m in Sources */,
				1FC20A922008E84200CBC4A2 /* Swime.swift in Sources */,
				1FC20A9F2008E84200CBC4A2 /* InfoServe.swift in Sources */,
				1FE01E4E200A6C870052B11D /* Operators.swift in Sources */,
				1FE01E39200A6C870052B11D /* ChaCha20.swift in Sources */,
				1FE01E27200A6C870052B11D /* AES.swift in Sources */,
				1FC20AB52008E84200CBC4A2 /* FPSLabel.swift in Sources */,
				1FC20A862008E84200CBC4A2 /* NSObject+Model.swift in Sources */,
				9D3009D92008634A0043C536 /* ViewController.swift in Sources */,
				1FE01E55200A6C870052B11D /* Poly1305.swift in Sources */,
				1FE01E64200A6C870052B11D /* ZeroPadding.swift in Sources */,
				1FE01E36200A6C870052B11D /* PCBC.swift in Sources */,
				1FE01E35200A6C870052B11D /* OFB.swift in Sources */,
				1FE01E61200A6C870052B11D /* UInt8+Extension.swift in Sources */,
				1FC20AA42008E84200CBC4A2 /* MQTTSwift.swift in Sources */,
				1FE01E52200A6C870052B11D /* PKCS5.swift in Sources */,
				1FE01E2D200A6C870052B11D /* BlockCipher.swift in Sources */,
				1FE01E65200A6C870052B11D /* UINavigationController+FDFullscreenPopGesture.m in Sources */,
				1FC20A912008E84200CBC4A2 /* MimeType.swift in Sources */,
				1FC20AA02008E84200CBC4A2 /* LTLCountDown.swift in Sources */,
				1FE01E5C200A6C870052B11D /* SHA3.swift in Sources */,
				1FE01E4B200A6C870052B11D /* Int+Extension.swift in Sources */,
				1FE01E30200A6C870052B11D /* BlockModeWorker.swift in Sources */,
				1FE01E5B200A6C870052B11D /* SHA2.swift in Sources */,
				1FE01E51200A6C870052B11D /* PBKDF2.swift in Sources */,
				1FE01E46200A6C870052B11D /* Rabbit+Foundation.swift in Sources */,
				1FE01E5E200A6C870052B11D /* UInt16+Extension.swift in Sources */,
				1FE01E4A200A6C870052B11D /* HMAC.swift in Sources */,
				1FE01E2F200A6C870052B11D /* BlockModeOptions.swift in Sources */,
				1FC20A8B2008E84200CBC4A2 /* LTLBaseNetWork.swift in Sources */,
				1FC20A8C2008E84200CBC4A2 /* LTLLog.swift in Sources */,
				1FC20AB42008E84200CBC4A2 /* ViewControllerExtend.swift in Sources */,
				1FE01E3C200A6C870052B11D /* Collection+Extension.swift in Sources */,
				1FE01E42200A6C870052B11D /* Blowfish+Foundation.swift in Sources */,
				1FE01E3D200A6C870052B11D /* Cryptors.swift in Sources */,
				1FE01E6B200A6C870052B11D /* MRCountDownButton.swift in Sources */,
				1FC20AA92008E84200CBC4A2 /* UIButton+SSEdgeInsets.m in Sources */,
				1FE01E32200A6C870052B11D /* CFB.swift in Sources */,
				1FE01E60200A6C870052B11D /* UInt64+Extension.swift in Sources */,
				1FC20AA12008E84200CBC4A2 /* LTLDataEncoding.swift in Sources */,
				1FE01E2B200A6C870052B11D /* BatchedCollection.swift in Sources */,
				1FC20A872008E84200CBC4A2 /* NSObject+Property.swift in Sources */,
				1FC20A952008E84200CBC4A2 /* LTLPageView.swift in Sources */,
				1FC20AB22008E84200CBC4A2 /* toBool+Int.swift in Sources */,
				1FE01E4C200A6C870052B11D /* MD5.swift in Sources */,
				1FE01E37200A6C870052B11D /* RandomAccessBlockModeWorker.swift in Sources */,
				1FE01E38200A6C870052B11D /* Blowfish.swift in Sources */,
				1FE01E31200A6C870052B11D /* CBC.swift in Sources */,
				1FC20AAB2008E84200CBC4A2 /* Common+String.swift in Sources */,
				1FE01E58200A6C870052B11D /* RandomBytesSequence.swift in Sources */,
				1FC20AA32008E84200CBC4A2 /* LTLToolclass.swift in Sources */,
				1FC20A962008E84200CBC4A2 /* LTLReuseView.swift in Sources */,
				1FE01E4D200A6C870052B11D /* NoPadding.swift in Sources */,
				1FC20AB12008E84200CBC4A2 /* Timer+Date.swift in Sources */,
				1FC20AB62008E84200CBC4A2 /* LTLLabelPadding.swift in Sources */,
				1FE01E24200A6C870052B11D /* ACFloatingTextfield.swift in Sources */,
				1FC20A852008E84200CBC4A2 /* ModelTool.swift in Sources */,
				1FE01E66200A6C870052B11D /* CustomExtension.swift in Sources */,
				1FC20A9C2008E84200CBC4A2 /* LTLImageViewCell.swift in Sources */,
				1FE01E54200A6C870052B11D /* PKCS7Padding.swift in Sources */,
				1FC20A9A2008E84200CBC4A2 /* WKWebviewController.swift in Sources */,
				1FC20AA52008E84200CBC4A2 /* MQTTTopic.swift in Sources */,
				1FE01E28200A6C870052B11D /* Array+Extension.swift in Sources */,
				1FE01E29200A6C870052B11D /* Array+Extensions.swift in Sources */,
				1FE01E26200A6C870052B11D /* AES.Cryptors.swift in Sources */,
				1FC20A8D2008E84200CBC4A2 /* LTLNetworkErrorType.swift in Sources */,
				1FE01E2C200A6C870052B11D /* Bit.swift in Sources */,
				1FE01E6C200A6C870052B11D /* Toast.swift in Sources */,
				1FE01E50200A6C870052B11D /* PBKDF1.swift in Sources */,
				1FE01E2A200A6C870052B11D /* Authenticator.swift in Sources */,
				1FE01E40200A6C870052B11D /* AES+Foundation.swift in Sources */,
				1FE01E44200A6C870052B11D /* Data+Extension.swift in Sources */,
				1FC20A892008E84200CBC4A2 /* PropertyModel.swift in Sources */,
				1FC20A9E2008E84200CBC4A2 /* LTLSystemInfo.swift in Sources */,
				1FC20A932008E84200CBC4A2 /* LTLContentView.swift in Sources */,
				1FE01E49200A6C870052B11D /* Generics.swift in Sources */,
				1FC20AA82008E84200CBC4A2 /* NSString+LTLCode.m in Sources */,
				1FE01E69200A6C870052B11D /* UIControl+JPBtnClickDelay.m in Sources */,
				1FE01E6E200A6D100052B11D /* BackImage.swift in Sources */,
				1FE01E45200A6C870052B11D /* HMAC+Foundation.swift in Sources */,
				1FC20AA22008E84200CBC4A2 /* LTLFile.swift in Sources */,
				1FE01E41200A6C870052B11D /* Array+Foundation.swift in Sources */,
				1FE01E53200A6C870052B11D /* PKCS7.swift in Sources */,
				1FC20A942008E84200CBC4A2 /* LTLHeaderView.swift in Sources */,
				1FE01E68200A6C870052B11D /* UIKitExtension.swift in Sources */,
				1FE01E5D200A6C870052B11D /* String+Extension.swift in Sources */,
				1FE01E48200A6C870052B11D /* Utils+Foundation.swift in Sources */,
				1FC20A842008E84200CBC4A2 /* LTLPropertyTool.swift in Sources */,
				1FC20AA62008E84200CBC4A2 /* PFString.swift in Sources */,
				9D3009D72008634A0043C536 /* AppDelegate.swift in Sources */,
				1FC20AAD2008E84200CBC4A2 /* JSONExtension.swift in Sources */,
				1FC20AA72008E84200CBC4A2 /* UserInfoRequest.swift in Sources */,
				1FE01E3E200A6C870052B11D /* Digest.swift in Sources */,
				1FC20A902008E84200CBC4A2 /* NetworkConfig.swift in Sources */,
				1FE01E57200A6C870052B11D /* RandomAccessCryptor.swift in Sources */,
				1FC20A8E2008E84200CBC4A2 /* LTLNetworkTools.swift in Sources */,
				1FE01E25200A6C870052B11D /* Colours.swift in Sources */,
				1FE01E43200A6C870052B11D /* ChaCha20+Foundation.swift in Sources */,
				1FE01E63200A6C870052B11D /* Utils.swift in Sources */,
				1FE01E5A200A6C870052B11D /* SHA1.swift in Sources */,
				1FE01E3A200A6C870052B11D /* Checksum.swift in Sources */,
				1FE01E5F200A6C870052B11D /* UInt32+Extension.swift in Sources */,
				1FC20AAC2008E84200CBC4A2 /* ExchangeMethod+NSObject.swift in Sources */,
				1FE01E47200A6C870052B11D /* String+FoundationExtension.swift in Sources */,
				1FC20A882008E84200CBC4A2 /* PropertyCodeMake.swift in Sources */,
				1FC20A9D2008E84200CBC4A2 /* LTLPhotoAlbumUtil.swift in Sources */,
				1FC20A8A2008E84200CBC4A2 /* LogCategory.m in Sources */,
				1FE01E2E200A6C870052B11D /* BlockMode.swift in Sources */,
				1FE01E33200A6C870052B11D /* CTR.swift in Sources */,
				1FC20A972008E84200CBC4A2 /* WebView.swift in Sources */,
				1FC20AB32008E84200CBC4A2 /* ToString+Data.swift in Sources */,
				1FC20AAF2008E84200CBC4A2 /* String+Color.swift in Sources */,
				1FC20A9B2008E84200CBC4A2 /* LTLImageBrowserVC.swift in Sources */,
				1FC20A992008E84200CBC4A2 /* WkwebViewConfig.swift in Sources */,
				1FE01E3F200A6C870052B11D /* DigestType.swift in Sources */,
				1FE01E34200A6C870052B11D /* ECB.swift in Sources */,
				1FC20AAE2008E84200CBC4A2 /* Queue+OperationQueue.swift in Sources */,
				1FE01E56200A6C870052B11D /* Rabbit.swift in Sources */,
				1FE01E4F200A6C870052B11D /* Padding.swift in Sources */,
			);
			runOnlyForDeploymentPostprocessing = 0;
		};
/* End PBXSourcesBuildPhase section */

/* Begin PBXVariantGroup section */
		9D3009DA2008634A0043C536 /* Main.storyboard */ = {
			isa = PBXVariantGroup;
			children = (
				9D3009DB2008634A0043C536 /* Base */,
			);
			name = Main.storyboard;
			sourceTree = "<group>";
		};
		9D3009DF2008634A0043C536 /* LaunchScreen.storyboard */ = {
			isa = PBXVariantGroup;
			children = (
				9D3009E02008634A0043C536 /* Base */,
			);
			name = LaunchScreen.storyboard;
			sourceTree = "<group>";
		};
/* End PBXVariantGroup section */

/* Begin XCBuildConfiguration section */
		9D3009E32008634A0043C536 /* Debug */ = {
			isa = XCBuildConfiguration;
			buildSettings = {
				ALWAYS_SEARCH_USER_PATHS = NO;
				CLANG_ANALYZER_NONNULL = YES;
				CLANG_ANALYZER_NUMBER_OBJECT_CONVERSION = YES_AGGRESSIVE;
				CLANG_CXX_LANGUAGE_STANDARD = "gnu++14";
				CLANG_CXX_LIBRARY = "libc++";
				CLANG_ENABLE_MODULES = YES;
				CLANG_ENABLE_OBJC_ARC = YES;
				CLANG_WARN_BLOCK_CAPTURE_AUTORELEASING = YES;
				CLANG_WARN_BOOL_CONVERSION = YES;
				CLANG_WARN_COMMA = YES;
				CLANG_WARN_CONSTANT_CONVERSION = YES;
				CLANG_WARN_DIRECT_OBJC_ISA_USAGE = YES_ERROR;
				CLANG_WARN_DOCUMENTATION_COMMENTS = YES;
				CLANG_WARN_EMPTY_BODY = YES;
				CLANG_WARN_ENUM_CONVERSION = YES;
				CLANG_WARN_INFINITE_RECURSION = YES;
				CLANG_WARN_INT_CONVERSION = YES;
				CLANG_WARN_NON_LITERAL_NULL_CONVERSION = YES;
				CLANG_WARN_OBJC_LITERAL_CONVERSION = YES;
				CLANG_WARN_OBJC_ROOT_CLASS = YES_ERROR;
				CLANG_WARN_RANGE_LOOP_ANALYSIS = YES;
				CLANG_WARN_STRICT_PROTOTYPES = YES;
				CLANG_WARN_SUSPICIOUS_MOVE = YES;
				CLANG_WARN_UNGUARDED_AVAILABILITY = YES_AGGRESSIVE;
				CLANG_WARN_UNREACHABLE_CODE = YES;
				CLANG_WARN__DUPLICATE_METHOD_MATCH = YES;
				CODE_SIGN_IDENTITY = "iPhone Developer";
				COPY_PHASE_STRIP = NO;
				DEBUG_INFORMATION_FORMAT = dwarf;
				ENABLE_STRICT_OBJC_MSGSEND = YES;
				ENABLE_TESTABILITY = YES;
				GCC_C_LANGUAGE_STANDARD = gnu11;
				GCC_DYNAMIC_NO_PIC = NO;
				GCC_NO_COMMON_BLOCKS = YES;
				GCC_OPTIMIZATION_LEVEL = 0;
				GCC_PREPROCESSOR_DEFINITIONS = (
					"DEBUG=1",
					"$(inherited)",
				);
				GCC_WARN_64_TO_32_BIT_CONVERSION = YES;
				GCC_WARN_ABOUT_RETURN_TYPE = YES_ERROR;
				GCC_WARN_UNDECLARED_SELECTOR = YES;
				GCC_WARN_UNINITIALIZED_AUTOS = YES_AGGRESSIVE;
				GCC_WARN_UNUSED_FUNCTION = YES;
				GCC_WARN_UNUSED_VARIABLE = YES;
				IPHONEOS_DEPLOYMENT_TARGET = 8.0;
				MTL_ENABLE_DEBUG_INFO = YES;
				ONLY_ACTIVE_ARCH = YES;
				SDKROOT = iphoneos;
				SWIFT_ACTIVE_COMPILATION_CONDITIONS = DEBUG;
				SWIFT_OPTIMIZATION_LEVEL = "-Onone";
			};
			name = Debug;
		};
		9D3009E42008634A0043C536 /* Release */ = {
			isa = XCBuildConfiguration;
			buildSettings = {
				ALWAYS_SEARCH_USER_PATHS = NO;
				CLANG_ANALYZER_NONNULL = YES;
				CLANG_ANALYZER_NUMBER_OBJECT_CONVERSION = YES_AGGRESSIVE;
				CLANG_CXX_LANGUAGE_STANDARD = "gnu++14";
				CLANG_CXX_LIBRARY = "libc++";
				CLANG_ENABLE_MODULES = YES;
				CLANG_ENABLE_OBJC_ARC = YES;
				CLANG_WARN_BLOCK_CAPTURE_AUTORELEASING = YES;
				CLANG_WARN_BOOL_CONVERSION = YES;
				CLANG_WARN_COMMA = YES;
				CLANG_WARN_CONSTANT_CONVERSION = YES;
				CLANG_WARN_DIRECT_OBJC_ISA_USAGE = YES_ERROR;
				CLANG_WARN_DOCUMENTATION_COMMENTS = YES;
				CLANG_WARN_EMPTY_BODY = YES;
				CLANG_WARN_ENUM_CONVERSION = YES;
				CLANG_WARN_INFINITE_RECURSION = YES;
				CLANG_WARN_INT_CONVERSION = YES;
				CLANG_WARN_NON_LITERAL_NULL_CONVERSION = YES;
				CLANG_WARN_OBJC_LITERAL_CONVERSION = YES;
				CLANG_WARN_OBJC_ROOT_CLASS = YES_ERROR;
				CLANG_WARN_RANGE_LOOP_ANALYSIS = YES;
				CLANG_WARN_STRICT_PROTOTYPES = YES;
				CLANG_WARN_SUSPICIOUS_MOVE = YES;
				CLANG_WARN_UNGUARDED_AVAILABILITY = YES_AGGRESSIVE;
				CLANG_WARN_UNREACHABLE_CODE = YES;
				CLANG_WARN__DUPLICATE_METHOD_MATCH = YES;
				CODE_SIGN_IDENTITY = "iPhone Developer";
				COPY_PHASE_STRIP = NO;
				DEBUG_INFORMATION_FORMAT = "dwarf-with-dsym";
				ENABLE_NS_ASSERTIONS = NO;
				ENABLE_STRICT_OBJC_MSGSEND = YES;
				GCC_C_LANGUAGE_STANDARD = gnu11;
				GCC_NO_COMMON_BLOCKS = YES;
				GCC_WARN_64_TO_32_BIT_CONVERSION = YES;
				GCC_WARN_ABOUT_RETURN_TYPE = YES_ERROR;
				GCC_WARN_UNDECLARED_SELECTOR = YES;
				GCC_WARN_UNINITIALIZED_AUTOS = YES_AGGRESSIVE;
				GCC_WARN_UNUSED_FUNCTION = YES;
				GCC_WARN_UNUSED_VARIABLE = YES;
				IPHONEOS_DEPLOYMENT_TARGET = 8.0;
				MTL_ENABLE_DEBUG_INFO = NO;
				SDKROOT = iphoneos;
				SWIFT_OPTIMIZATION_LEVEL = "-Owholemodule";
				VALIDATE_PRODUCT = YES;
			};
			name = Release;
		};
		9D3009E62008634A0043C536 /* Debug */ = {
			isa = XCBuildConfiguration;
			baseConfigurationReference = 62F098E4F1E9A052EA9F255C /* Pods-网络数据处理.debug.xcconfig */;
			buildSettings = {
				ASSETCATALOG_COMPILER_APPICON_NAME = AppIcon;
				CODE_SIGN_STYLE = Automatic;
				DEVELOPMENT_TEAM = XZ39NMYQ76;
				FRAMEWORK_SEARCH_PATHS = (
					"$(inherited)",
					"$(PROJECT_DIR)/网络数据处理/OtherLib",
				);
				INFOPLIST_FILE = "网络数据处理/Info.plist";
				LD_RUNPATH_SEARCH_PATHS = "$(inherited) @executable_path/Frameworks";
				PRODUCT_BUNDLE_IDENTIFIER = "yaoni.com.------";
				PRODUCT_NAME = "$(TARGET_NAME)";
				SWIFT_VERSION = 4.0;
				TARGETED_DEVICE_FAMILY = "1,2";
			};
			name = Debug;
		};
		9D3009E72008634A0043C536 /* Release */ = {
			isa = XCBuildConfiguration;
			baseConfigurationReference = FA61462D7EBD123E29444CDD /* Pods-网络数据处理.release.xcconfig */;
			buildSettings = {
				ASSETCATALOG_COMPILER_APPICON_NAME = AppIcon;
				CODE_SIGN_STYLE = Automatic;
				DEVELOPMENT_TEAM = XZ39NMYQ76;
				FRAMEWORK_SEARCH_PATHS = (
					"$(inherited)",
					"$(PROJECT_DIR)/网络数据处理/OtherLib",
				);
				INFOPLIST_FILE = "网络数据处理/Info.plist";
				LD_RUNPATH_SEARCH_PATHS = "$(inherited) @executable_path/Frameworks";
				PRODUCT_BUNDLE_IDENTIFIER = "yaoni.com.------";
				PRODUCT_NAME = "$(TARGET_NAME)";
				SWIFT_VERSION = 4.0;
				TARGETED_DEVICE_FAMILY = "1,2";
			};
			name = Release;
		};
/* End XCBuildConfiguration section */

/* Begin XCConfigurationList section */
		9D3009CE2008634A0043C536 /* Build configuration list for PBXProject "网络数据处理" */ = {
			isa = XCConfigurationList;
			buildConfigurations = (
				9D3009E32008634A0043C536 /* Debug */,
				9D3009E42008634A0043C536 /* Release */,
			);
			defaultConfigurationIsVisible = 0;
			defaultConfigurationName = Release;
		};
		9D3009E52008634A0043C536 /* Build configuration list for PBXNativeTarget "网络数据处理" */ = {
			isa = XCConfigurationList;
			buildConfigurations = (
				9D3009E62008634A0043C536 /* Debug */,
				9D3009E72008634A0043C536 /* Release */,
			);
			defaultConfigurationIsVisible = 0;
			defaultConfigurationName = Release;
		};
/* End XCConfigurationList section */
	};
	rootObject = 9D3009CB2008634A0043C536 /* Project object */;
}
