// !$*UTF8*$!
{
	archiveVersion = 1;
	classes = {
	};
	objectVersion = 48;
	objects = {

/* Begin PBXBuildFile section */
		23F57E282CB4EAB8BA37E632 /* Pods_______.framework in Frameworks */ = {isa = PBXBuildFile; fileRef = 4DB5F0738E1591CEB9F65284 /* Pods_______.framework */; };
		9D3009D72008634A0043C536 /* AppDelegate.swift in Sources */ = {isa = PBXBuildFile; fileRef = 9D3009D62008634A0043C536 /* AppDelegate.swift */; };
		9D3009D92008634A0043C536 /* ViewController.swift in Sources */ = {isa = PBXBuildFile; fileRef = 9D3009D82008634A0043C536 /* ViewController.swift */; };
		9D3009DC2008634A0043C536 /* Main.storyboard in Resources */ = {isa = PBXBuildFile; fileRef = 9D3009DA2008634A0043C536 /* Main.storyboard */; };
		9D3009DE2008634A0043C536 /* Assets.xcassets in Resources */ = {isa = PBXBuildFile; fileRef = 9D3009DD2008634A0043C536 /* Assets.xcassets */; };
		9D3009E12008634A0043C536 /* LaunchScreen.storyboard in Resources */ = {isa = PBXBuildFile; fileRef = 9D3009DF2008634A0043C536 /* LaunchScreen.storyboard */; };
/* End PBXBuildFile section */

/* Begin PBXFileReference section */
		4DB5F0738E1591CEB9F65284 /* Pods_______.framework */ = {isa = PBXFileReference; explicitFileType = wrapper.framework; includeInIndex = 0; path = Pods_______.framework; sourceTree = BUILT_PRODUCTS_DIR; };
		62F098E4F1E9A052EA9F255C /* Pods-网络数据处理.debug.xcconfig */ = {isa = PBXFileReference; includeInIndex = 1; lastKnownFileType = text.xcconfig; name = "Pods-网络数据处理.debug.xcconfig"; path = "Pods/Target Support Files/Pods-网络数据处理/Pods-网络数据处理.debug.xcconfig"; sourceTree = "<group>"; };
		9D3009D32008634A0043C536 /* 网络数据处理.app */ = {isa = PBXFileReference; explicitFileType = wrapper.application; includeInIndex = 0; path = "网络数据处理.app"; sourceTree = BUILT_PRODUCTS_DIR; };
		9D3009D62008634A0043C536 /* AppDelegate.swift */ = {isa = PBXFileReference; lastKnownFileType = sourcecode.swift; path = AppDelegate.swift; sourceTree = "<group>"; };
		9D3009D82008634A0043C536 /* ViewController.swift */ = {isa = PBXFileReference; lastKnownFileType = sourcecode.swift; path = ViewController.swift; sourceTree = "<group>"; };
		9D3009DB2008634A0043C536 /* Base */ = {isa = PBXFileReference; lastKnownFileType = file.storyboard; name = Base; path = Base.lproj/Main.storyboard; sourceTree = "<group>"; };
		9D3009DD2008634A0043C536 /* Assets.xcassets */ = {isa = PBXFileReference; lastKnownFileType = folder.assetcatalog; path = Assets.xcassets; sourceTree = "<group>"; };
		9D3009E02008634A0043C536 /* Base */ = {isa = PBXFileReference; lastKnownFileType = file.storyboard; name = Base; path = Base.lproj/LaunchScreen.storyboard; sourceTree = "<group>"; };
		9D3009E22008634A0043C536 /* Info.plist */ = {isa = PBXFileReference; lastKnownFileType = text.plist.xml; path = Info.plist; sourceTree = "<group>"; };
		FA61462D7EBD123E29444CDD /* Pods-网络数据处理.release.xcconfig */ = {isa = PBXFileReference; includeInIndex = 1; lastKnownFileType = text.xcconfig; name = "Pods-网络数据处理.release.xcconfig"; path = "Pods/Target Support Files/Pods-网络数据处理/Pods-网络数据处理.release.xcconfig"; sourceTree = "<group>"; };
/* End PBXFileReference section */

/* Begin PBXFrameworksBuildPhase section */
		9D3009D02008634A0043C536 /* Frameworks */ = {
			isa = PBXFrameworksBuildPhase;
			buildActionMask = 2147483647;
			files = (
				23F57E282CB4EAB8BA37E632 /* Pods_______.framework in Frameworks */,
			);
			runOnlyForDeploymentPostprocessing = 0;
		};
/* End PBXFrameworksBuildPhase section */

/* Begin PBXGroup section */
		34144F52E7BAD13C3E740B54 /* Pods */ = {
			isa = PBXGroup;
			children = (
				62F098E4F1E9A052EA9F255C /* Pods-网络数据处理.debug.xcconfig */,
				FA61462D7EBD123E29444CDD /* Pods-网络数据处理.release.xcconfig */,
			);
			name = Pods;
			sourceTree = "<group>";
		};
		5023E35F41C4ED03CE2E48DA /* Frameworks */ = {
			isa = PBXGroup;
			children = (
				4DB5F0738E1591CEB9F65284 /* Pods_______.framework */,
			);
			name = Frameworks;
			sourceTree = "<group>";
		};
		9D3009CA2008634A0043C536 = {
			isa = PBXGroup;
			children = (
				9D3009D52008634A0043C536 /* 网络数据处理 */,
				9D3009D42008634A0043C536 /* Products */,
				34144F52E7BAD13C3E740B54 /* Pods */,
				5023E35F41C4ED03CE2E48DA /* Frameworks */,
			);
			sourceTree = "<group>";
		};
		9D3009D42008634A0043C536 /* Products */ = {
			isa = PBXGroup;
			children = (
				9D3009D32008634A0043C536 /* 网络数据处理.app */,
			);
			name = Products;
			sourceTree = "<group>";
		};
		9D3009D52008634A0043C536 /* 网络数据处理 */ = {
			isa = PBXGroup;
			children = (
				9D3009D62008634A0043C536 /* AppDelegate.swift */,
				9D3009D82008634A0043C536 /* ViewController.swift */,
				9D3009DA2008634A0043C536 /* Main.storyboard */,
				9D3009DD2008634A0043C536 /* Assets.xcassets */,
				9D3009DF2008634A0043C536 /* LaunchScreen.storyboard */,
				9D3009E22008634A0043C536 /* Info.plist */,
			);
			path = "网络数据处理";
			sourceTree = "<group>";
		};
/* End PBXGroup section */

/* Begin PBXNativeTarget section */
		9D3009D22008634A0043C536 /* 网络数据处理 */ = {
			isa = PBXNativeTarget;
			buildConfigurationList = 9D3009E52008634A0043C536 /* Build configuration list for PBXNativeTarget "网络数据处理" */;
			buildPhases = (
				82F8EA1A8CB250E24D056952 /* [CP] Check Pods Manifest.lock */,
				9D3009CF2008634A0043C536 /* Sources */,
				9D3009D02008634A0043C536 /* Frameworks */,
				9D3009D12008634A0043C536 /* Resources */,
				B91461D46B7804B6831D4C81 /* [CP] Embed Pods Frameworks */,
				3451DB5CE2E2C2A1FB76AAA1 /* [CP] Copy Pods Resources */,
			);
			buildRules = (
			);
			dependencies = (
			);
			name = "网络数据处理";
			productName = "网络数据处理";
			productReference = 9D3009D32008634A0043C536 /* 网络数据处理.app */;
			productType = "com.apple.product-type.application";
		};
/* End PBXNativeTarget section */

/* Begin PBXProject section */
		9D3009CB2008634A0043C536 /* Project object */ = {
			isa = PBXProject;
			attributes = {
				LastSwiftUpdateCheck = 0920;
				LastUpgradeCheck = 0920;
				ORGANIZATIONNAME = LTL;
				TargetAttributes = {
					9D3009D22008634A0043C536 = {
						CreatedOnToolsVersion = 9.2;
						ProvisioningStyle = Automatic;
					};
				};
			};
			buildConfigurationList = 9D3009CE2008634A0043C536 /* Build configuration list for PBXProject "网络数据处理" */;
			compatibilityVersion = "Xcode 8.0";
			developmentRegion = en;
			hasScannedForEncodings = 0;
			knownRegions = (
				en,
				Base,
			);
			mainGroup = 9D3009CA2008634A0043C536;
			productRefGroup = 9D3009D42008634A0043C536 /* Products */;
			projectDirPath = "";
			projectRoot = "";
			targets = (
				9D3009D22008634A0043C536 /* 网络数据处理 */,
			);
		};
/* End PBXProject section */

/* Begin PBXResourcesBuildPhase section */
		9D3009D12008634A0043C536 /* Resources */ = {
			isa = PBXResourcesBuildPhase;
			buildActionMask = 2147483647;
			files = (
				9D3009E12008634A0043C536 /* LaunchScreen.storyboard in Resources */,
				9D3009DE2008634A0043C536 /* Assets.xcassets in Resources */,
				9D3009DC2008634A0043C536 /* Main.storyboard in Resources */,
			);
			runOnlyForDeploymentPostprocessing = 0;
		};
/* End PBXResourcesBuildPhase section */

/* Begin PBXShellScriptBuildPhase section */
		3451DB5CE2E2C2A1FB76AAA1 /* [CP] Copy Pods Resources */ = {
			isa = PBXShellScriptBuildPhase;
			buildActionMask = 2147483647;
			files = (
			);
			inputPaths = (
			);
			name = "[CP] Copy Pods Resources";
			outputPaths = (
			);
			runOnlyForDeploymentPostprocessing = 0;
			shellPath = /bin/sh;
			shellScript = "\"${SRCROOT}/Pods/Target Support Files/Pods-网络数据处理/Pods-网络数据处理-resources.sh\"\n";
			showEnvVarsInLog = 0;
		};
		82F8EA1A8CB250E24D056952 /* [CP] Check Pods Manifest.lock */ = {
			isa = PBXShellScriptBuildPhase;
			buildActionMask = 2147483647;
			files = (
			);
			inputPaths = (
				"${PODS_PODFILE_DIR_PATH}/Podfile.lock",
				"${PODS_ROOT}/Manifest.lock",
			);
			name = "[CP] Check Pods Manifest.lock";
			outputPaths = (
				"$(DERIVED_FILE_DIR)/Pods-网络数据处理-checkManifestLockResult.txt",
			);
			runOnlyForDeploymentPostprocessing = 0;
			shellPath = /bin/sh;
			shellScript = "diff \"${PODS_PODFILE_DIR_PATH}/Podfile.lock\" \"${PODS_ROOT}/Manifest.lock\" > /dev/null\nif [ $? != 0 ] ; then\n    # print error to STDERR\n    echo \"error: The sandbox is not in sync with the Podfile.lock. Run 'pod install' or update your CocoaPods installation.\" >&2\n    exit 1\nfi\n# This output is used by Xcode 'outputs' to avoid re-running this script phase.\necho \"SUCCESS\" > \"${SCRIPT_OUTPUT_FILE_0}\"\n";
			showEnvVarsInLog = 0;
		};
		B91461D46B7804B6831D4C81 /* [CP] Embed Pods Frameworks */ = {
			isa = PBXShellScriptBuildPhase;
			buildActionMask = 2147483647;
			files = (
			);
			inputPaths = (
				"${SRCROOT}/Pods/Target Support Files/Pods-网络数据处理/Pods-网络数据处理-frameworks.sh",
				"${BUILT_PRODUCTS_DIR}/Alamofire/Alamofire.framework",
				"${BUILT_PRODUCTS_DIR}/AlamofireNetworkActivityIndicator/AlamofireNetworkActivityIndicator.framework",
				"${BUILT_PRODUCTS_DIR}/Cache/Cache.framework",
				"${BUILT_PRODUCTS_DIR}/DaisyNet/DaisyNet.framework",
				"${BUILT_PRODUCTS_DIR}/EmptyDataSet-Swift/EmptyDataSet_Swift.framework",
				"${BUILT_PRODUCTS_DIR}/Reusable/Reusable.framework",
				"${BUILT_PRODUCTS_DIR}/Then/Then.framework",
			);
			name = "[CP] Embed Pods Frameworks";
			outputPaths = (
				"${TARGET_BUILD_DIR}/${FRAMEWORKS_FOLDER_PATH}/Alamofire.framework",
				"${TARGET_BUILD_DIR}/${FRAMEWORKS_FOLDER_PATH}/AlamofireNetworkActivityIndicator.framework",
				"${TARGET_BUILD_DIR}/${FRAMEWORKS_FOLDER_PATH}/Cache.framework",
				"${TARGET_BUILD_DIR}/${FRAMEWORKS_FOLDER_PATH}/DaisyNet.framework",
				"${TARGET_BUILD_DIR}/${FRAMEWORKS_FOLDER_PATH}/EmptyDataSet_Swift.framework",
				"${TARGET_BUILD_DIR}/${FRAMEWORKS_FOLDER_PATH}/Reusable.framework",
				"${TARGET_BUILD_DIR}/${FRAMEWORKS_FOLDER_PATH}/Then.framework",
			);
			runOnlyForDeploymentPostprocessing = 0;
			shellPath = /bin/sh;
			shellScript = "\"${SRCROOT}/Pods/Target Support Files/Pods-网络数据处理/Pods-网络数据处理-frameworks.sh\"\n";
			showEnvVarsInLog = 0;
		};
/* End PBXShellScriptBuildPhase section */

/* Begin PBXSourcesBuildPhase section */
		9D3009CF2008634A0043C536 /* Sources */ = {
			isa = PBXSourcesBuildPhase;
			buildActionMask = 2147483647;
			files = (
				9D3009D92008634A0043C536 /* ViewController.swift in Sources */,
				9D3009D72008634A0043C536 /* AppDelegate.swift in Sources */,
			);
			runOnlyForDeploymentPostprocessing = 0;
		};
/* End PBXSourcesBuildPhase section */

/* Begin PBXVariantGroup section */
		9D3009DA2008634A0043C536 /* Main.storyboard */ = {
			isa = PBXVariantGroup;
			children = (
				9D3009DB2008634A0043C536 /* Base */,
			);
			name = Main.storyboard;
			sourceTree = "<group>";
		};
		9D3009DF2008634A0043C536 /* LaunchScreen.storyboard */ = {
			isa = PBXVariantGroup;
			children = (
				9D3009E02008634A0043C536 /* Base */,
			);
			name = LaunchScreen.storyboard;
			sourceTree = "<group>";
		};
/* End PBXVariantGroup section */

/* Begin XCBuildConfiguration section */
		9D3009E32008634A0043C536 /* Debug */ = {
			isa = XCBuildConfiguration;
			buildSettings = {
				ALWAYS_SEARCH_USER_PATHS = NO;
				CLANG_ANALYZER_NONNULL = YES;
				CLANG_ANALYZER_NUMBER_OBJECT_CONVERSION = YES_AGGRESSIVE;
				CLANG_CXX_LANGUAGE_STANDARD = "gnu++14";
				CLANG_CXX_LIBRARY = "libc++";
				CLANG_ENABLE_MODULES = YES;
				CLANG_ENABLE_OBJC_ARC = YES;
				CLANG_WARN_BLOCK_CAPTURE_AUTORELEASING = YES;
				CLANG_WARN_BOOL_CONVERSION = YES;
				CLANG_WARN_COMMA = YES;
				CLANG_WARN_CONSTANT_CONVERSION = YES;
				CLANG_WARN_DIRECT_OBJC_ISA_USAGE = YES_ERROR;
				CLANG_WARN_DOCUMENTATION_COMMENTS = YES;
				CLANG_WARN_EMPTY_BODY = YES;
				CLANG_WARN_ENUM_CONVERSION = YES;
				CLANG_WARN_INFINITE_RECURSION = YES;
				CLANG_WARN_INT_CONVERSION = YES;
				CLANG_WARN_NON_LITERAL_NULL_CONVERSION = YES;
				CLANG_WARN_OBJC_LITERAL_CONVERSION = YES;
				CLANG_WARN_OBJC_ROOT_CLASS = YES_ERROR;
				CLANG_WARN_RANGE_LOOP_ANALYSIS = YES;
				CLANG_WARN_STRICT_PROTOTYPES = YES;
				CLANG_WARN_SUSPICIOUS_MOVE = YES;
				CLANG_WARN_UNGUARDED_AVAILABILITY = YES_AGGRESSIVE;
				CLANG_WARN_UNREACHABLE_CODE = YES;
				CLANG_WARN__DUPLICATE_METHOD_MATCH = YES;
				CODE_SIGN_IDENTITY = "iPhone Developer";
				COPY_PHASE_STRIP = NO;
				DEBUG_INFORMATION_FORMAT = dwarf;
				ENABLE_STRICT_OBJC_MSGSEND = YES;
				ENABLE_TESTABILITY = YES;
				GCC_C_LANGUAGE_STANDARD = gnu11;
				GCC_DYNAMIC_NO_PIC = NO;
				GCC_NO_COMMON_BLOCKS = YES;
				GCC_OPTIMIZATION_LEVEL = 0;
				GCC_PREPROCESSOR_DEFINITIONS = (
					"DEBUG=1",
					"$(inherited)",
				);
				GCC_WARN_64_TO_32_BIT_CONVERSION = YES;
				GCC_WARN_ABOUT_RETURN_TYPE = YES_ERROR;
				GCC_WARN_UNDECLARED_SELECTOR = YES;
				GCC_WARN_UNINITIALIZED_AUTOS = YES_AGGRESSIVE;
				GCC_WARN_UNUSED_FUNCTION = YES;
				GCC_WARN_UNUSED_VARIABLE = YES;
				IPHONEOS_DEPLOYMENT_TARGET = 8.0;
				MTL_ENABLE_DEBUG_INFO = YES;
				ONLY_ACTIVE_ARCH = YES;
				SDKROOT = iphoneos;
				SWIFT_ACTIVE_COMPILATION_CONDITIONS = DEBUG;
				SWIFT_OPTIMIZATION_LEVEL = "-Onone";
			};
			name = Debug;
		};
		9D3009E42008634A0043C536 /* Release */ = {
			isa = XCBuildConfiguration;
			buildSettings = {
				ALWAYS_SEARCH_USER_PATHS = NO;
				CLANG_ANALYZER_NONNULL = YES;
				CLANG_ANALYZER_NUMBER_OBJECT_CONVERSION = YES_AGGRESSIVE;
				CLANG_CXX_LANGUAGE_STANDARD = "gnu++14";
				CLANG_CXX_LIBRARY = "libc++";
				CLANG_ENABLE_MODULES = YES;
				CLANG_ENABLE_OBJC_ARC = YES;
				CLANG_WARN_BLOCK_CAPTURE_AUTORELEASING = YES;
				CLANG_WARN_BOOL_CONVERSION = YES;
				CLANG_WARN_COMMA = YES;
				CLANG_WARN_CONSTANT_CONVERSION = YES;
				CLANG_WARN_DIRECT_OBJC_ISA_USAGE = YES_ERROR;
				CLANG_WARN_DOCUMENTATION_COMMENTS = YES;
				CLANG_WARN_EMPTY_BODY = YES;
				CLANG_WARN_ENUM_CONVERSION = YES;
				CLANG_WARN_INFINITE_RECURSION = YES;
				CLANG_WARN_INT_CONVERSION = YES;
				CLANG_WARN_NON_LITERAL_NULL_CONVERSION = YES;
				CLANG_WARN_OBJC_LITERAL_CONVERSION = YES;
				CLANG_WARN_OBJC_ROOT_CLASS = YES_ERROR;
				CLANG_WARN_RANGE_LOOP_ANALYSIS = YES;
				CLANG_WARN_STRICT_PROTOTYPES = YES;
				CLANG_WARN_SUSPICIOUS_MOVE = YES;
				CLANG_WARN_UNGUARDED_AVAILABILITY = YES_AGGRESSIVE;
				CLANG_WARN_UNREACHABLE_CODE = YES;
				CLANG_WARN__DUPLICATE_METHOD_MATCH = YES;
				CODE_SIGN_IDENTITY = "iPhone Developer";
				COPY_PHASE_STRIP = NO;
				DEBUG_INFORMATION_FORMAT = "dwarf-with-dsym";
				ENABLE_NS_ASSERTIONS = NO;
				ENABLE_STRICT_OBJC_MSGSEND = YES;
				GCC_C_LANGUAGE_STANDARD = gnu11;
				GCC_NO_COMMON_BLOCKS = YES;
				GCC_WARN_64_TO_32_BIT_CONVERSION = YES;
				GCC_WARN_ABOUT_RETURN_TYPE = YES_ERROR;
				GCC_WARN_UNDECLARED_SELECTOR = YES;
				GCC_WARN_UNINITIALIZED_AUTOS = YES_AGGRESSIVE;
				GCC_WARN_UNUSED_FUNCTION = YES;
				GCC_WARN_UNUSED_VARIABLE = YES;
				IPHONEOS_DEPLOYMENT_TARGET = 8.0;
				MTL_ENABLE_DEBUG_INFO = NO;
				SDKROOT = iphoneos;
				SWIFT_OPTIMIZATION_LEVEL = "-Owholemodule";
				VALIDATE_PRODUCT = YES;
			};
			name = Release;
		};
		9D3009E62008634A0043C536 /* Debug */ = {
			isa = XCBuildConfiguration;
			baseConfigurationReference = 62F098E4F1E9A052EA9F255C /* Pods-网络数据处理.debug.xcconfig */;
			buildSettings = {
				ASSETCATALOG_COMPILER_APPICON_NAME = AppIcon;
				CODE_SIGN_STYLE = Automatic;
				DEVELOPMENT_TEAM = XZ39NMYQ76;
				INFOPLIST_FILE = "网络数据处理/Info.plist";
				LD_RUNPATH_SEARCH_PATHS = "$(inherited) @executable_path/Frameworks";
				PRODUCT_BUNDLE_IDENTIFIER = "yaoni.com.------";
				PRODUCT_NAME = "$(TARGET_NAME)";
				SWIFT_VERSION = 4.0;
				TARGETED_DEVICE_FAMILY = "1,2";
			};
			name = Debug;
		};
		9D3009E72008634A0043C536 /* Release */ = {
			isa = XCBuildConfiguration;
			baseConfigurationReference = FA61462D7EBD123E29444CDD /* Pods-网络数据处理.release.xcconfig */;
			buildSettings = {
				ASSETCATALOG_COMPILER_APPICON_NAME = AppIcon;
				CODE_SIGN_STYLE = Automatic;
				DEVELOPMENT_TEAM = XZ39NMYQ76;
				INFOPLIST_FILE = "网络数据处理/Info.plist";
				LD_RUNPATH_SEARCH_PATHS = "$(inherited) @executable_path/Frameworks";
				PRODUCT_BUNDLE_IDENTIFIER = "yaoni.com.------";
				PRODUCT_NAME = "$(TARGET_NAME)";
				SWIFT_VERSION = 4.0;
				TARGETED_DEVICE_FAMILY = "1,2";
			};
			name = Release;
		};
/* End XCBuildConfiguration section */

/* Begin XCConfigurationList section */
		9D3009CE2008634A0043C536 /* Build configuration list for PBXProject "网络数据处理" */ = {
			isa = XCConfigurationList;
			buildConfigurations = (
				9D3009E32008634A0043C536 /* Debug */,
				9D3009E42008634A0043C536 /* Release */,
			);
			defaultConfigurationIsVisible = 0;
			defaultConfigurationName = Release;
		};
		9D3009E52008634A0043C536 /* Build configuration list for PBXNativeTarget "网络数据处理" */ = {
			isa = XCConfigurationList;
			buildConfigurations = (
				9D3009E62008634A0043C536 /* Debug */,
				9D3009E72008634A0043C536 /* Release */,
			);
			defaultConfigurationIsVisible = 0;
			defaultConfigurationName = Release;
		};
/* End XCConfigurationList section */
	};
	rootObject = 9D3009CB2008634A0043C536 /* Project object */;
}
